// !$*UTF8*$!
{
	archiveVersion = 1;
	classes = {
	};
	objectVersion = 56;
	objects = {

/* Begin PBXBuildFile section */
		6A254F24291A02CC00FBB0B8 /* Main.storyboard in Resources */ = {isa = PBXBuildFile; fileRef = 6A254F23291A02CC00FBB0B8 /* Main.storyboard */; };
		6A254F28291A2E9300FBB0B8 /* CommentView.swift in Sources */ = {isa = PBXBuildFile; fileRef = 6A254F27291A2E9300FBB0B8 /* CommentView.swift */; };
		6A254F2C291A2F8D00FBB0B8 /* NoteDetailVC-TVDelegate.swift in Sources */ = {isa = PBXBuildFile; fileRef = 6A254F2B291A2F8D00FBB0B8 /* NoteDetailVC-TVDelegate.swift */; };
		6A254F2E291A2FB000FBB0B8 /* NoteDetailVC-TVDataSource.swift in Sources */ = {isa = PBXBuildFile; fileRef = 6A254F2D291A2FB000FBB0B8 /* NoteDetailVC-TVDataSource.swift */; };
		6A254F30291A486B00FBB0B8 /* ReplyCell.swift in Sources */ = {isa = PBXBuildFile; fileRef = 6A254F2F291A486B00FBB0B8 /* ReplyCell.swift */; };
		6A254F32291A4A7F00FBB0B8 /* CommentView.xib in Resources */ = {isa = PBXBuildFile; fileRef = 6A254F31291A4A7F00FBB0B8 /* CommentView.xib */; };
		6A33F51728DAC7A000865D58 /* HomeVC.swift in Sources */ = {isa = PBXBuildFile; fileRef = 6A33F51628DAC7A000865D58 /* HomeVC.swift */; };
		6A33F51928DACA5200865D58 /* DiscoveryVC.swift in Sources */ = {isa = PBXBuildFile; fileRef = 6A33F51828DACA5200865D58 /* DiscoveryVC.swift */; };
		6A33F51B28DAE24D00865D58 /* FollowVC.swift in Sources */ = {isa = PBXBuildFile; fileRef = 6A33F51A28DAE24D00865D58 /* FollowVC.swift */; };
		6A33F51D28DAE26600865D58 /* NearByVC.swift in Sources */ = {isa = PBXBuildFile; fileRef = 6A33F51C28DAE26600865D58 /* NearByVC.swift */; };
		6A33F52028DAE2A200865D58 /* WaterfallVC.swift in Sources */ = {isa = PBXBuildFile; fileRef = 6A33F51F28DAE2A200865D58 /* WaterfallVC.swift */; };
		6A33F52228DAE2BA00865D58 /* WaterfallCell.swift in Sources */ = {isa = PBXBuildFile; fileRef = 6A33F52128DAE2BA00865D58 /* WaterfallCell.swift */; };
		6A33F52528DAE79300865D58 /* PostVC.swift in Sources */ = {isa = PBXBuildFile; fileRef = 6A33F52428DAE79300865D58 /* PostVC.swift */; };
		6A33F52828DAF34A00865D58 /* NoteEditVC.swift in Sources */ = {isa = PBXBuildFile; fileRef = 6A33F52728DAF34A00865D58 /* NoteEditVC.swift */; };
		6A33F52A28DAF36000865D58 /* PhotoCell.swift in Sources */ = {isa = PBXBuildFile; fileRef = 6A33F52928DAF36000865D58 /* PhotoCell.swift */; };
		6A33F52C28DAF37100865D58 /* PhotoFooter.swift in Sources */ = {isa = PBXBuildFile; fileRef = 6A33F52B28DAF37100865D58 /* PhotoFooter.swift */; };
		6A33F53128DB1A5B00865D58 /* Closures.swift in Sources */ = {isa = PBXBuildFile; fileRef = 6A33F53028DB1A5B00865D58 /* Closures.swift */; };
		6A33F53328DB1A7D00865D58 /* Valuetypes+Referencetypes.swift in Sources */ = {isa = PBXBuildFile; fileRef = 6A33F53228DB1A7D00865D58 /* Valuetypes+Referencetypes.swift */; };
		6A33F53528DB1A8D00865D58 /* ARC+ReferencecCycle.swift in Sources */ = {isa = PBXBuildFile; fileRef = 6A33F53428DB1A8D00865D58 /* ARC+ReferencecCycle.swift */; };
		6A33F53728DB1A9F00865D58 /* Enum.swift in Sources */ = {isa = PBXBuildFile; fileRef = 6A33F53628DB1A9F00865D58 /* Enum.swift */; };
		6A33F53A28DB1AE800865D58 /* Localizable.strings in Resources */ = {isa = PBXBuildFile; fileRef = 6A33F53C28DB1AE800865D58 /* Localizable.strings */; };
		6A33F54128DB1B3E00865D58 /* InfoPlist.strings in Resources */ = {isa = PBXBuildFile; fileRef = 6A33F54328DB1B3E00865D58 /* InfoPlist.strings */; };
		6A33F54728DC688600865D58 /* testVideo.mp4 in Resources */ = {isa = PBXBuildFile; fileRef = 6A33F54628DC688600865D58 /* testVideo.mp4 */; };
		6A33F54928DC6E1100865D58 /* NoteEditVC-DragDrop.swift in Sources */ = {isa = PBXBuildFile; fileRef = 6A33F54828DC6E1100865D58 /* NoteEditVC-DragDrop.swift */; };
		6A33F54B28DD4FAE00865D58 /* NoteEditVC-CollectionView.swift in Sources */ = {isa = PBXBuildFile; fileRef = 6A33F54A28DD4FAE00865D58 /* NoteEditVC-CollectionView.swift */; };
		6A33F54D28DD597000865D58 /* TextViewIAView.swift in Sources */ = {isa = PBXBuildFile; fileRef = 6A33F54C28DD597000865D58 /* TextViewIAView.swift */; };
		6A33F54F28DD5A1D00865D58 /* TextViewIAView.xib in Resources */ = {isa = PBXBuildFile; fileRef = 6A33F54E28DD5A1D00865D58 /* TextViewIAView.xib */; };
		6A33F55128DD5B2A00865D58 /* NoteEditVC-Config.swift in Sources */ = {isa = PBXBuildFile; fileRef = 6A33F55028DD5B2A00865D58 /* NoteEditVC-Config.swift */; };
		6A3A2A5228E435C70007E97C /* pink.xcdatamodeld in Sources */ = {isa = PBXBuildFile; fileRef = 6A3A2A5028E435C70007E97C /* pink.xcdatamodeld */; };
		6A3A2A5528E4543D0007E97C /* NoteEditVC-Helper.swift in Sources */ = {isa = PBXBuildFile; fileRef = 6A3A2A5428E4543D0007E97C /* NoteEditVC-Helper.swift */; };
		6A3A2A5728E454500007E97C /* NoteEditVC-DraftNote.swift in Sources */ = {isa = PBXBuildFile; fileRef = 6A3A2A5628E454500007E97C /* NoteEditVC-DraftNote.swift */; };
		6A3A2A5928E4545D0007E97C /* NoteEditVC-UI.swift in Sources */ = {isa = PBXBuildFile; fileRef = 6A3A2A5828E4545D0007E97C /* NoteEditVC-UI.swift */; };
		6A3A2A5F28E5384A0007E97C /* DraftNoteWaterfallCell.swift in Sources */ = {isa = PBXBuildFile; fileRef = 6A3A2A5E28E5384A0007E97C /* DraftNoteWaterfallCell.swift */; };
		6A3A2A6128E53D420007E97C /* WaterfallVC-Config.swift in Sources */ = {isa = PBXBuildFile; fileRef = 6A3A2A6028E53D420007E97C /* WaterfallVC-Config.swift */; };
		6A3A2A6328E53DBE0007E97C /* WaterfallVC-DataSource.swift in Sources */ = {isa = PBXBuildFile; fileRef = 6A3A2A6228E53DBE0007E97C /* WaterfallVC-DataSource.swift */; };
		6A3A2A6528E53EAB0007E97C /* WaterfallVC-Delegate.swift in Sources */ = {isa = PBXBuildFile; fileRef = 6A3A2A6428E53EAB0007E97C /* WaterfallVC-Delegate.swift */; };
		6A3A2A6728E53F340007E97C /* WaterfallVC-LoadData.swift in Sources */ = {isa = PBXBuildFile; fileRef = 6A3A2A6628E53F340007E97C /* WaterfallVC-LoadData.swift */; };
		6A3A2A6928E5996B0007E97C /* MeVC.swift in Sources */ = {isa = PBXBuildFile; fileRef = 6A3A2A6828E5996B0007E97C /* MeVC.swift */; };
		6A40223C28E5AB5D0031A5FB /* FollowCell.swift in Sources */ = {isa = PBXBuildFile; fileRef = 6A40223B28E5AB5D0031A5FB /* FollowCell.swift */; };
		6A42263328D9DE7D009B0F4E /* AppDelegate.swift in Sources */ = {isa = PBXBuildFile; fileRef = 6A42263228D9DE7D009B0F4E /* AppDelegate.swift */; };
		6A42263528D9DE7D009B0F4E /* SceneDelegate.swift in Sources */ = {isa = PBXBuildFile; fileRef = 6A42263428D9DE7D009B0F4E /* SceneDelegate.swift */; };
		6A42263728D9DE7D009B0F4E /* ViewController.swift in Sources */ = {isa = PBXBuildFile; fileRef = 6A42263628D9DE7D009B0F4E /* ViewController.swift */; };
		6A42263C28D9DE7E009B0F4E /* Assets.xcassets in Resources */ = {isa = PBXBuildFile; fileRef = 6A42263B28D9DE7E009B0F4E /* Assets.xcassets */; };
		6A42263F28D9DE7E009B0F4E /* LaunchScreen.storyboard in Resources */ = {isa = PBXBuildFile; fileRef = 6A42263D28D9DE7E009B0F4E /* LaunchScreen.storyboard */; };
		6A42264A28D9E350009B0F4E /* System-Extensions.swift in Sources */ = {isa = PBXBuildFile; fileRef = 6A42264928D9E350009B0F4E /* System-Extensions.swift */; };
		6A42264C28D9E3F6009B0F4E /* TabBarC.swift in Sources */ = {isa = PBXBuildFile; fileRef = 6A42264B28D9E3F6009B0F4E /* TabBarC.swift */; };
		6A6C09B628E147CE000A8327 /* ChannelVC.swift in Sources */ = {isa = PBXBuildFile; fileRef = 6A6C09B528E147CE000A8327 /* ChannelVC.swift */; };
		6A6C09B828E14927000A8327 /* ChannelTableVC.swift in Sources */ = {isa = PBXBuildFile; fileRef = 6A6C09B728E14927000A8327 /* ChannelTableVC.swift */; };
		6A6C09BA28E15AB7000A8327 /* Protocols.swift in Sources */ = {isa = PBXBuildFile; fileRef = 6A6C09B928E15AB7000A8327 /* Protocols.swift */; };
		6A6C09BC28E17E4E000A8327 /* POIVC.swift in Sources */ = {isa = PBXBuildFile; fileRef = 6A6C09BB28E17E4E000A8327 /* POIVC.swift */; };
		6A6C09BE28E1985C000A8327 /* POIVC-Config.swift in Sources */ = {isa = PBXBuildFile; fileRef = 6A6C09BD28E1985C000A8327 /* POIVC-Config.swift */; };
		6A6C09C028E19919000A8327 /* POIVC-Location.swift in Sources */ = {isa = PBXBuildFile; fileRef = 6A6C09BF28E19919000A8327 /* POIVC-Location.swift */; };
		6A6C09C228E1CC1E000A8327 /* POICell.swift in Sources */ = {isa = PBXBuildFile; fileRef = 6A6C09C128E1CC1E000A8327 /* POICell.swift */; };
		6A6C09C428E3047F000A8327 /* POIVC-KeywordsSearch.swift in Sources */ = {isa = PBXBuildFile; fileRef = 6A6C09C328E3047F000A8327 /* POIVC-KeywordsSearch.swift */; };
		6A77ADFB28FE3694005FB05D /* NoteDetailVC-Like.swift in Sources */ = {isa = PBXBuildFile; fileRef = 6A77ADFA28FE3694005FB05D /* NoteDetailVC-Like.swift */; };
		6A77ADFD28FE3BE9005FB05D /* NoteDetailVC-Fav.swift in Sources */ = {isa = PBXBuildFile; fileRef = 6A77ADFC28FE3BE9005FB05D /* NoteDetailVC-Fav.swift */; };
		6A77ADFF28FE4EF8005FB05D /* WaterfallVCCell-Like.swift in Sources */ = {isa = PBXBuildFile; fileRef = 6A77ADFE28FE4EF8005FB05D /* WaterfallVCCell-Like.swift */; };
		6A77AE0128FE8A4E005FB05D /* NoteDetailVC-Comment.swift in Sources */ = {isa = PBXBuildFile; fileRef = 6A77AE0028FE8A4E005FB05D /* NoteDetailVC-Comment.swift */; };
		6A8EAA982918FBE700B2E286 /* NoteDetailVC-ShareOrMore.swift in Sources */ = {isa = PBXBuildFile; fileRef = 6A8EAA972918FBE700B2E286 /* NoteDetailVC-ShareOrMore.swift */; };
		6A8EAA9A2918FD4F00B2E286 /* NoteDetailVC-DelNote.swift in Sources */ = {isa = PBXBuildFile; fileRef = 6A8EAA992918FD4F00B2E286 /* NoteDetailVC-DelNote.swift */; };
		6A8EAA9C291904E400B2E286 /* NoteDetailVC-Helper.swift in Sources */ = {isa = PBXBuildFile; fileRef = 6A8EAA9B291904E400B2E286 /* NoteDetailVC-Helper.swift */; };
		6A8EAA9E2919081700B2E286 /* NoteDetailVC-EditNote.swift in Sources */ = {isa = PBXBuildFile; fileRef = 6A8EAA9D2919081700B2E286 /* NoteDetailVC-EditNote.swift */; };
		6A99410528F15135009E56A3 /* LoginVC.swift in Sources */ = {isa = PBXBuildFile; fileRef = 6A99410428F15135009E56A3 /* LoginVC.swift */; };
		6A99410828F152B5009E56A3 /* LocalLogin-Extensions.swift in Sources */ = {isa = PBXBuildFile; fileRef = 6A99410728F152B5009E56A3 /* LocalLogin-Extensions.swift */; };
		6A99410B28F15897009E56A3 /* LoginAndMeParentVC.swift in Sources */ = {isa = PBXBuildFile; fileRef = 6A99410A28F15897009E56A3 /* LoginAndMeParentVC.swift */; };
		6A9A23E7291B39E300B67C72 /* NoteDetailVC-LoadData.swift in Sources */ = {isa = PBXBuildFile; fileRef = 6A9A23E6291B39E300B67C72 /* NoteDetailVC-LoadData.swift */; };
		6A9A23E9291B53D300B67C72 /*  NoteDetailVC-DelComment.swift in Sources */ = {isa = PBXBuildFile; fileRef = 6A9A23E8291B53D300B67C72 /*  NoteDetailVC-DelComment.swift */; };
		6A9A23F5291B5FE100B67C72 /* NoteDetailVC-PostReply.swift in Sources */ = {isa = PBXBuildFile; fileRef = 6A9A23F4291B5FE100B67C72 /* NoteDetailVC-PostReply.swift */; };
		6A9A23F7291B601900B67C72 /* NoteDetailVC-PostComment.swift in Sources */ = {isa = PBXBuildFile; fileRef = 6A9A23F6291B601900B67C72 /* NoteDetailVC-PostComment.swift */; };
		6AEA513228F16D3B00E0A986 /* Constants.swift in Sources */ = {isa = PBXBuildFile; fileRef = 6AEA513128F16D3B00E0A986 /* Constants.swift */; };
		6AEA513628F26D5400E0A986 /* CodeLoginVC.swift in Sources */ = {isa = PBXBuildFile; fileRef = 6AEA513528F26D5400E0A986 /* CodeLoginVC.swift */; };
		6AEA513828F2A00600E0A986 /* PasswordLoginVC.swift in Sources */ = {isa = PBXBuildFile; fileRef = 6AEA513728F2A00600E0A986 /* PasswordLoginVC.swift */; };
		6AEA513A28F2ACB300E0A986 /* SocialLoginVC.swift in Sources */ = {isa = PBXBuildFile; fileRef = 6AEA513928F2ACB300E0A986 /* SocialLoginVC.swift */; };
		6AEA513C28F2BA0D00E0A986 /* SocialLoginVC-Alipay.swift in Sources */ = {isa = PBXBuildFile; fileRef = 6AEA513B28F2BA0D00E0A986 /* SocialLoginVC-Alipay.swift */; };
		6AEA513E28F2BAD000E0A986 /* SocialLoginVC-Apple.swift in Sources */ = {isa = PBXBuildFile; fileRef = 6AEA513D28F2BAD000E0A986 /* SocialLoginVC-Apple.swift */; };
		6AEA519328F2CA3000E0A986 /* libcrypto.a in Frameworks */ = {isa = PBXBuildFile; fileRef = 6AEA514028F2CA2F00E0A986 /* libcrypto.a */; };
		6AEA519428F2CA3000E0A986 /* openssl_wrapper.m in Sources */ = {isa = PBXBuildFile; fileRef = 6AEA514228F2CA2F00E0A986 /* openssl_wrapper.m */; };
		6AEA519528F2CA3000E0A986 /* APRSASigner.m in Sources */ = {isa = PBXBuildFile; fileRef = 6AEA514528F2CA2F00E0A986 /* APRSASigner.m */; };
		6AEA519628F2CA3000E0A986 /* libssl.a in Frameworks */ = {isa = PBXBuildFile; fileRef = 6AEA514628F2CA2F00E0A986 /* libssl.a */; };
		6AEA519828F3C16600E0A986 /* AfterLogin-Extensions.swift in Sources */ = {isa = PBXBuildFile; fileRef = 6AEA519728F3C16600E0A986 /* AfterLogin-Extensions.swift */; };
		6AEA519A28F3C6CB00E0A986 /* LC-Extensions.swift in Sources */ = {isa = PBXBuildFile; fileRef = 6AEA519928F3C6CB00E0A986 /* LC-Extensions.swift */; };
		6AEA519D28F64EC800E0A986 /* LocalizationTableVCDemo.swift in Sources */ = {isa = PBXBuildFile; fileRef = 6AEA519C28F64EC800E0A986 /* LocalizationTableVCDemo.swift */; };
		6AEA519F28F65CF400E0A986 /* NoteEditVC-Note.swift in Sources */ = {isa = PBXBuildFile; fileRef = 6AEA519E28F65CF400E0A986 /* NoteEditVC-Note.swift */; };
		6AEEBA9B28F7B36B0027A9DC /* NoteDetailVC.swift in Sources */ = {isa = PBXBuildFile; fileRef = 6AEEBA9A28F7B36B0027A9DC /* NoteDetailVC.swift */; };
		6AEEBA9D28F7B3FA0027A9DC /* NoteDetailVC-UI.swift in Sources */ = {isa = PBXBuildFile; fileRef = 6AEEBA9C28F7B3FA0027A9DC /* NoteDetailVC-UI.swift */; };
		6AEEBA9F28F7B4080027A9DC /* NoteDetailVC-Cofig.swift in Sources */ = {isa = PBXBuildFile; fileRef = 6AEEBA9E28F7B4080027A9DC /* NoteDetailVC-Cofig.swift */; };
		6AEEBAA128F7B7120027A9DC /* CustomViews.swift in Sources */ = {isa = PBXBuildFile; fileRef = 6AEEBAA028F7B7120027A9DC /* CustomViews.swift */; };
		6AEEBAA328F93A880027A9DC /* avatarPH.jpeg in Resources */ = {isa = PBXBuildFile; fileRef = 6AEEBAA228F93A880027A9DC /* avatarPH.jpeg */; };
		6AEEBAA528F93A8E0027A9DC /* imagePH.png in Resources */ = {isa = PBXBuildFile; fileRef = 6AEEBAA428F93A8E0027A9DC /* imagePH.png */; };
		6AEEBAA728F954590027A9DC /* WaterfallVC-Layout.swift in Sources */ = {isa = PBXBuildFile; fileRef = 6AEEBAA628F954590027A9DC /* WaterfallVC-Layout.swift */; };
		D39D0692E2AF67F0CC4F7C86 /* Pods_pink.framework in Frameworks */ = {isa = PBXBuildFile; fileRef = B384C50306A2D65B55C6B23C /* Pods_pink.framework */; };
/* End PBXBuildFile section */

/* Begin PBXFileReference section */
		6A254F23291A02CC00FBB0B8 /* Main.storyboard */ = {isa = PBXFileReference; fileEncoding = 4; lastKnownFileType = file.storyboard; path = Main.storyboard; sourceTree = "<group>"; };
		6A254F27291A2E9300FBB0B8 /* CommentView.swift */ = {isa = PBXFileReference; lastKnownFileType = sourcecode.swift; path = CommentView.swift; sourceTree = "<group>"; };
		6A254F2B291A2F8D00FBB0B8 /* NoteDetailVC-TVDelegate.swift */ = {isa = PBXFileReference; lastKnownFileType = sourcecode.swift; path = "NoteDetailVC-TVDelegate.swift"; sourceTree = "<group>"; };
		6A254F2D291A2FB000FBB0B8 /* NoteDetailVC-TVDataSource.swift */ = {isa = PBXFileReference; lastKnownFileType = sourcecode.swift; path = "NoteDetailVC-TVDataSource.swift"; sourceTree = "<group>"; };
		6A254F2F291A486B00FBB0B8 /* ReplyCell.swift */ = {isa = PBXFileReference; lastKnownFileType = sourcecode.swift; path = ReplyCell.swift; sourceTree = "<group>"; };
		6A254F31291A4A7F00FBB0B8 /* CommentView.xib */ = {isa = PBXFileReference; lastKnownFileType = file.xib; path = CommentView.xib; sourceTree = "<group>"; };
		6A33F51628DAC7A000865D58 /* HomeVC.swift */ = {isa = PBXFileReference; lastKnownFileType = sourcecode.swift; path = HomeVC.swift; sourceTree = "<group>"; };
		6A33F51828DACA5200865D58 /* DiscoveryVC.swift */ = {isa = PBXFileReference; lastKnownFileType = sourcecode.swift; path = DiscoveryVC.swift; sourceTree = "<group>"; };
		6A33F51A28DAE24D00865D58 /* FollowVC.swift */ = {isa = PBXFileReference; lastKnownFileType = sourcecode.swift; path = FollowVC.swift; sourceTree = "<group>"; };
		6A33F51C28DAE26600865D58 /* NearByVC.swift */ = {isa = PBXFileReference; lastKnownFileType = sourcecode.swift; path = NearByVC.swift; sourceTree = "<group>"; };
		6A33F51F28DAE2A200865D58 /* WaterfallVC.swift */ = {isa = PBXFileReference; lastKnownFileType = sourcecode.swift; path = WaterfallVC.swift; sourceTree = "<group>"; };
		6A33F52128DAE2BA00865D58 /* WaterfallCell.swift */ = {isa = PBXFileReference; lastKnownFileType = sourcecode.swift; path = WaterfallCell.swift; sourceTree = "<group>"; };
		6A33F52428DAE79300865D58 /* PostVC.swift */ = {isa = PBXFileReference; lastKnownFileType = sourcecode.swift; path = PostVC.swift; sourceTree = "<group>"; };
		6A33F52728DAF34A00865D58 /* NoteEditVC.swift */ = {isa = PBXFileReference; lastKnownFileType = sourcecode.swift; path = NoteEditVC.swift; sourceTree = "<group>"; };
		6A33F52928DAF36000865D58 /* PhotoCell.swift */ = {isa = PBXFileReference; lastKnownFileType = sourcecode.swift; path = PhotoCell.swift; sourceTree = "<group>"; };
		6A33F52B28DAF37100865D58 /* PhotoFooter.swift */ = {isa = PBXFileReference; lastKnownFileType = sourcecode.swift; path = PhotoFooter.swift; sourceTree = "<group>"; };
		6A33F53028DB1A5B00865D58 /* Closures.swift */ = {isa = PBXFileReference; lastKnownFileType = sourcecode.swift; path = Closures.swift; sourceTree = "<group>"; };
		6A33F53228DB1A7D00865D58 /* Valuetypes+Referencetypes.swift */ = {isa = PBXFileReference; lastKnownFileType = sourcecode.swift; path = "Valuetypes+Referencetypes.swift"; sourceTree = "<group>"; };
		6A33F53428DB1A8D00865D58 /* ARC+ReferencecCycle.swift */ = {isa = PBXFileReference; lastKnownFileType = sourcecode.swift; path = "ARC+ReferencecCycle.swift"; sourceTree = "<group>"; };
		6A33F53628DB1A9F00865D58 /* Enum.swift */ = {isa = PBXFileReference; lastKnownFileType = sourcecode.swift; path = Enum.swift; sourceTree = "<group>"; };
		6A33F53B28DB1AE800865D58 /* en */ = {isa = PBXFileReference; lastKnownFileType = text.plist.strings; name = en; path = en.lproj/Localizable.strings; sourceTree = "<group>"; };
		6A33F53E28DB1AFC00865D58 /* zh-Hans */ = {isa = PBXFileReference; lastKnownFileType = text.plist.strings; name = "zh-Hans"; path = "zh-Hans.lproj/Localizable.strings"; sourceTree = "<group>"; };
		6A33F54228DB1B3E00865D58 /* zh-Hans */ = {isa = PBXFileReference; lastKnownFileType = text.plist.strings; name = "zh-Hans"; path = "zh-Hans.lproj/InfoPlist.strings"; sourceTree = "<group>"; };
		6A33F54428DB1B4200865D58 /* en */ = {isa = PBXFileReference; lastKnownFileType = text.plist.strings; name = en; path = en.lproj/InfoPlist.strings; sourceTree = "<group>"; };
		6A33F54528DB1C0000865D58 /* pink-Bridging-Header.h */ = {isa = PBXFileReference; lastKnownFileType = sourcecode.c.h; path = "pink-Bridging-Header.h"; sourceTree = "<group>"; };
		6A33F54628DC688600865D58 /* testVideo.mp4 */ = {isa = PBXFileReference; lastKnownFileType = file; path = testVideo.mp4; sourceTree = "<group>"; };
		6A33F54828DC6E1100865D58 /* NoteEditVC-DragDrop.swift */ = {isa = PBXFileReference; lastKnownFileType = sourcecode.swift; path = "NoteEditVC-DragDrop.swift"; sourceTree = "<group>"; };
		6A33F54A28DD4FAE00865D58 /* NoteEditVC-CollectionView.swift */ = {isa = PBXFileReference; lastKnownFileType = sourcecode.swift; path = "NoteEditVC-CollectionView.swift"; sourceTree = "<group>"; };
		6A33F54C28DD597000865D58 /* TextViewIAView.swift */ = {isa = PBXFileReference; lastKnownFileType = sourcecode.swift; path = TextViewIAView.swift; sourceTree = "<group>"; };
		6A33F54E28DD5A1D00865D58 /* TextViewIAView.xib */ = {isa = PBXFileReference; lastKnownFileType = file.xib; path = TextViewIAView.xib; sourceTree = "<group>"; };
		6A33F55028DD5B2A00865D58 /* NoteEditVC-Config.swift */ = {isa = PBXFileReference; lastKnownFileType = sourcecode.swift; path = "NoteEditVC-Config.swift"; sourceTree = "<group>"; };
		6A3A2A5128E435C70007E97C /* pink.xcdatamodel */ = {isa = PBXFileReference; lastKnownFileType = wrapper.xcdatamodel; path = pink.xcdatamodel; sourceTree = "<group>"; };
		6A3A2A5428E4543D0007E97C /* NoteEditVC-Helper.swift */ = {isa = PBXFileReference; lastKnownFileType = sourcecode.swift; path = "NoteEditVC-Helper.swift"; sourceTree = "<group>"; };
		6A3A2A5628E454500007E97C /* NoteEditVC-DraftNote.swift */ = {isa = PBXFileReference; lastKnownFileType = sourcecode.swift; path = "NoteEditVC-DraftNote.swift"; sourceTree = "<group>"; };
		6A3A2A5828E4545D0007E97C /* NoteEditVC-UI.swift */ = {isa = PBXFileReference; lastKnownFileType = sourcecode.swift; path = "NoteEditVC-UI.swift"; sourceTree = "<group>"; };
		6A3A2A5D28E5319F0007E97C /* pink v2.xcdatamodel */ = {isa = PBXFileReference; lastKnownFileType = wrapper.xcdatamodel; path = "pink v2.xcdatamodel"; sourceTree = "<group>"; };
		6A3A2A5E28E5384A0007E97C /* DraftNoteWaterfallCell.swift */ = {isa = PBXFileReference; lastKnownFileType = sourcecode.swift; path = DraftNoteWaterfallCell.swift; sourceTree = "<group>"; };
		6A3A2A6028E53D420007E97C /* WaterfallVC-Config.swift */ = {isa = PBXFileReference; lastKnownFileType = sourcecode.swift; path = "WaterfallVC-Config.swift"; sourceTree = "<group>"; };
		6A3A2A6228E53DBE0007E97C /* WaterfallVC-DataSource.swift */ = {isa = PBXFileReference; lastKnownFileType = sourcecode.swift; path = "WaterfallVC-DataSource.swift"; sourceTree = "<group>"; };
		6A3A2A6428E53EAB0007E97C /* WaterfallVC-Delegate.swift */ = {isa = PBXFileReference; lastKnownFileType = sourcecode.swift; path = "WaterfallVC-Delegate.swift"; sourceTree = "<group>"; };
		6A3A2A6628E53F340007E97C /* WaterfallVC-LoadData.swift */ = {isa = PBXFileReference; lastKnownFileType = sourcecode.swift; path = "WaterfallVC-LoadData.swift"; sourceTree = "<group>"; };
		6A3A2A6828E5996B0007E97C /* MeVC.swift */ = {isa = PBXFileReference; lastKnownFileType = sourcecode.swift; path = MeVC.swift; sourceTree = "<group>"; };
		6A40223B28E5AB5D0031A5FB /* FollowCell.swift */ = {isa = PBXFileReference; lastKnownFileType = sourcecode.swift; path = FollowCell.swift; sourceTree = "<group>"; };
		6A42262F28D9DE7D009B0F4E /* pink.app */ = {isa = PBXFileReference; explicitFileType = wrapper.application; includeInIndex = 0; path = pink.app; sourceTree = BUILT_PRODUCTS_DIR; };
		6A42263228D9DE7D009B0F4E /* AppDelegate.swift */ = {isa = PBXFileReference; lastKnownFileType = sourcecode.swift; path = AppDelegate.swift; sourceTree = "<group>"; };
		6A42263428D9DE7D009B0F4E /* SceneDelegate.swift */ = {isa = PBXFileReference; lastKnownFileType = sourcecode.swift; path = SceneDelegate.swift; sourceTree = "<group>"; };
		6A42263628D9DE7D009B0F4E /* ViewController.swift */ = {isa = PBXFileReference; lastKnownFileType = sourcecode.swift; path = ViewController.swift; sourceTree = "<group>"; };
		6A42263B28D9DE7E009B0F4E /* Assets.xcassets */ = {isa = PBXFileReference; lastKnownFileType = folder.assetcatalog; path = Assets.xcassets; sourceTree = "<group>"; };
		6A42263E28D9DE7E009B0F4E /* Base */ = {isa = PBXFileReference; lastKnownFileType = file.storyboard; name = Base; path = Base.lproj/LaunchScreen.storyboard; sourceTree = "<group>"; };
		6A42264028D9DE7E009B0F4E /* Info.plist */ = {isa = PBXFileReference; lastKnownFileType = text.plist.xml; path = Info.plist; sourceTree = "<group>"; };
		6A42264928D9E350009B0F4E /* System-Extensions.swift */ = {isa = PBXFileReference; lastKnownFileType = sourcecode.swift; path = "System-Extensions.swift"; sourceTree = "<group>"; };
		6A42264B28D9E3F6009B0F4E /* TabBarC.swift */ = {isa = PBXFileReference; lastKnownFileType = sourcecode.swift; path = TabBarC.swift; sourceTree = "<group>"; };
		6A6C09B528E147CE000A8327 /* ChannelVC.swift */ = {isa = PBXFileReference; lastKnownFileType = sourcecode.swift; path = ChannelVC.swift; sourceTree = "<group>"; };
		6A6C09B728E14927000A8327 /* ChannelTableVC.swift */ = {isa = PBXFileReference; lastKnownFileType = sourcecode.swift; path = ChannelTableVC.swift; sourceTree = "<group>"; };
		6A6C09B928E15AB7000A8327 /* Protocols.swift */ = {isa = PBXFileReference; lastKnownFileType = sourcecode.swift; path = Protocols.swift; sourceTree = "<group>"; };
		6A6C09BB28E17E4E000A8327 /* POIVC.swift */ = {isa = PBXFileReference; lastKnownFileType = sourcecode.swift; path = POIVC.swift; sourceTree = "<group>"; };
		6A6C09BD28E1985C000A8327 /* POIVC-Config.swift */ = {isa = PBXFileReference; lastKnownFileType = sourcecode.swift; path = "POIVC-Config.swift"; sourceTree = "<group>"; };
		6A6C09BF28E19919000A8327 /* POIVC-Location.swift */ = {isa = PBXFileReference; lastKnownFileType = sourcecode.swift; path = "POIVC-Location.swift"; sourceTree = "<group>"; };
		6A6C09C128E1CC1E000A8327 /* POICell.swift */ = {isa = PBXFileReference; lastKnownFileType = sourcecode.swift; path = POICell.swift; sourceTree = "<group>"; };
		6A6C09C328E3047F000A8327 /* POIVC-KeywordsSearch.swift */ = {isa = PBXFileReference; lastKnownFileType = sourcecode.swift; path = "POIVC-KeywordsSearch.swift"; sourceTree = "<group>"; };
		6A77ADFA28FE3694005FB05D /* NoteDetailVC-Like.swift */ = {isa = PBXFileReference; lastKnownFileType = sourcecode.swift; path = "NoteDetailVC-Like.swift"; sourceTree = "<group>"; };
		6A77ADFC28FE3BE9005FB05D /* NoteDetailVC-Fav.swift */ = {isa = PBXFileReference; lastKnownFileType = sourcecode.swift; path = "NoteDetailVC-Fav.swift"; sourceTree = "<group>"; };
		6A77ADFE28FE4EF8005FB05D /* WaterfallVCCell-Like.swift */ = {isa = PBXFileReference; lastKnownFileType = sourcecode.swift; path = "WaterfallVCCell-Like.swift"; sourceTree = "<group>"; };
		6A77AE0028FE8A4E005FB05D /* NoteDetailVC-Comment.swift */ = {isa = PBXFileReference; lastKnownFileType = sourcecode.swift; path = "NoteDetailVC-Comment.swift"; sourceTree = "<group>"; };
		6A8EAA972918FBE700B2E286 /* NoteDetailVC-ShareOrMore.swift */ = {isa = PBXFileReference; lastKnownFileType = sourcecode.swift; path = "NoteDetailVC-ShareOrMore.swift"; sourceTree = "<group>"; };
		6A8EAA992918FD4F00B2E286 /* NoteDetailVC-DelNote.swift */ = {isa = PBXFileReference; lastKnownFileType = sourcecode.swift; path = "NoteDetailVC-DelNote.swift"; sourceTree = "<group>"; };
		6A8EAA9B291904E400B2E286 /* NoteDetailVC-Helper.swift */ = {isa = PBXFileReference; lastKnownFileType = sourcecode.swift; path = "NoteDetailVC-Helper.swift"; sourceTree = "<group>"; };
		6A8EAA9D2919081700B2E286 /* NoteDetailVC-EditNote.swift */ = {isa = PBXFileReference; lastKnownFileType = sourcecode.swift; path = "NoteDetailVC-EditNote.swift"; sourceTree = "<group>"; };
		6A99410428F15135009E56A3 /* LoginVC.swift */ = {isa = PBXFileReference; lastKnownFileType = sourcecode.swift; path = LoginVC.swift; sourceTree = "<group>"; };
		6A99410728F152B5009E56A3 /* LocalLogin-Extensions.swift */ = {isa = PBXFileReference; lastKnownFileType = sourcecode.swift; path = "LocalLogin-Extensions.swift"; sourceTree = "<group>"; };
		6A99410A28F15897009E56A3 /* LoginAndMeParentVC.swift */ = {isa = PBXFileReference; lastKnownFileType = sourcecode.swift; path = LoginAndMeParentVC.swift; sourceTree = "<group>"; };
		6A9A23E6291B39E300B67C72 /* NoteDetailVC-LoadData.swift */ = {isa = PBXFileReference; lastKnownFileType = sourcecode.swift; path = "NoteDetailVC-LoadData.swift"; sourceTree = "<group>"; };
		6A9A23E8291B53D300B67C72 /*  NoteDetailVC-DelComment.swift */ = {isa = PBXFileReference; lastKnownFileType = sourcecode.swift; path = " NoteDetailVC-DelComment.swift"; sourceTree = "<group>"; };
		6A9A23F4291B5FE100B67C72 /* NoteDetailVC-PostReply.swift */ = {isa = PBXFileReference; lastKnownFileType = sourcecode.swift; path = "NoteDetailVC-PostReply.swift"; sourceTree = "<group>"; };
		6A9A23F6291B601900B67C72 /* NoteDetailVC-PostComment.swift */ = {isa = PBXFileReference; lastKnownFileType = sourcecode.swift; path = "NoteDetailVC-PostComment.swift"; sourceTree = "<group>"; };
		6AEA513128F16D3B00E0A986 /* Constants.swift */ = {isa = PBXFileReference; lastKnownFileType = sourcecode.swift; path = Constants.swift; sourceTree = "<group>"; };
		6AEA513528F26D5400E0A986 /* CodeLoginVC.swift */ = {isa = PBXFileReference; lastKnownFileType = sourcecode.swift; path = CodeLoginVC.swift; sourceTree = "<group>"; };
		6AEA513728F2A00600E0A986 /* PasswordLoginVC.swift */ = {isa = PBXFileReference; lastKnownFileType = sourcecode.swift; path = PasswordLoginVC.swift; sourceTree = "<group>"; };
		6AEA513928F2ACB300E0A986 /* SocialLoginVC.swift */ = {isa = PBXFileReference; lastKnownFileType = sourcecode.swift; path = SocialLoginVC.swift; sourceTree = "<group>"; };
		6AEA513B28F2BA0D00E0A986 /* SocialLoginVC-Alipay.swift */ = {isa = PBXFileReference; lastKnownFileType = sourcecode.swift; path = "SocialLoginVC-Alipay.swift"; sourceTree = "<group>"; };
		6AEA513D28F2BAD000E0A986 /* SocialLoginVC-Apple.swift */ = {isa = PBXFileReference; lastKnownFileType = sourcecode.swift; path = "SocialLoginVC-Apple.swift"; sourceTree = "<group>"; };
		6AEA514028F2CA2F00E0A986 /* libcrypto.a */ = {isa = PBXFileReference; lastKnownFileType = archive.ar; path = libcrypto.a; sourceTree = "<group>"; };
		6AEA514228F2CA2F00E0A986 /* openssl_wrapper.m */ = {isa = PBXFileReference; fileEncoding = 4; lastKnownFileType = sourcecode.c.objc; path = openssl_wrapper.m; sourceTree = "<group>"; };
		6AEA514328F2CA2F00E0A986 /* APRSASigner.h */ = {isa = PBXFileReference; fileEncoding = 4; lastKnownFileType = sourcecode.c.h; path = APRSASigner.h; sourceTree = "<group>"; };
		6AEA514428F2CA2F00E0A986 /* openssl_wrapper.h */ = {isa = PBXFileReference; fileEncoding = 4; lastKnownFileType = sourcecode.c.h; path = openssl_wrapper.h; sourceTree = "<group>"; };
		6AEA514528F2CA2F00E0A986 /* APRSASigner.m */ = {isa = PBXFileReference; fileEncoding = 4; lastKnownFileType = sourcecode.c.objc; path = APRSASigner.m; sourceTree = "<group>"; };
		6AEA514628F2CA2F00E0A986 /* libssl.a */ = {isa = PBXFileReference; lastKnownFileType = archive.ar; path = libssl.a; sourceTree = "<group>"; };
		6AEA514828F2CA2F00E0A986 /* pem2.h */ = {isa = PBXFileReference; fileEncoding = 4; lastKnownFileType = sourcecode.c.h; path = pem2.h; sourceTree = "<group>"; };
		6AEA514928F2CA2F00E0A986 /* pem.h */ = {isa = PBXFileReference; fileEncoding = 4; lastKnownFileType = sourcecode.c.h; path = pem.h; sourceTree = "<group>"; };
		6AEA514A28F2CA2F00E0A986 /* ssl3.h */ = {isa = PBXFileReference; fileEncoding = 4; lastKnownFileType = sourcecode.c.h; path = ssl3.h; sourceTree = "<group>"; };
		6AEA514B28F2CA2F00E0A986 /* ossl_typ.h */ = {isa = PBXFileReference; fileEncoding = 4; lastKnownFileType = sourcecode.c.h; path = ossl_typ.h; sourceTree = "<group>"; };
		6AEA514C28F2CA2F00E0A986 /* dtls1.h */ = {isa = PBXFileReference; fileEncoding = 4; lastKnownFileType = sourcecode.c.h; path = dtls1.h; sourceTree = "<group>"; };
		6AEA514D28F2CA2F00E0A986 /* err.h */ = {isa = PBXFileReference; fileEncoding = 4; lastKnownFileType = sourcecode.c.h; path = err.h; sourceTree = "<group>"; };
		6AEA514E28F2CA2F00E0A986 /* bn.h */ = {isa = PBXFileReference; fileEncoding = 4; lastKnownFileType = sourcecode.c.h; path = bn.h; sourceTree = "<group>"; };
		6AEA514F28F2CA2F00E0A986 /* blowfish.h */ = {isa = PBXFileReference; fileEncoding = 4; lastKnownFileType = sourcecode.c.h; path = blowfish.h; sourceTree = "<group>"; };
		6AEA515028F2CA2F00E0A986 /* cms.h */ = {isa = PBXFileReference; fileEncoding = 4; lastKnownFileType = sourcecode.c.h; path = cms.h; sourceTree = "<group>"; };
		6AEA515128F2CA2F00E0A986 /* engine.h */ = {isa = PBXFileReference; fileEncoding = 4; lastKnownFileType = sourcecode.c.h; path = engine.h; sourceTree = "<group>"; };
		6AEA515228F2CA2F00E0A986 /* conf_api.h */ = {isa = PBXFileReference; fileEncoding = 4; lastKnownFileType = sourcecode.c.h; path = conf_api.h; sourceTree = "<group>"; };
		6AEA515328F2CA2F00E0A986 /* x509.h */ = {isa = PBXFileReference; fileEncoding = 4; lastKnownFileType = sourcecode.c.h; path = x509.h; sourceTree = "<group>"; };
		6AEA515428F2CA2F00E0A986 /* asn1_mac.h */ = {isa = PBXFileReference; fileEncoding = 4; lastKnownFileType = sourcecode.c.h; path = asn1_mac.h; sourceTree = "<group>"; };
		6AEA515528F2CA2F00E0A986 /* ui.h */ = {isa = PBXFileReference; fileEncoding = 4; lastKnownFileType = sourcecode.c.h; path = ui.h; sourceTree = "<group>"; };
		6AEA515628F2CA2F00E0A986 /* kssl.h */ = {isa = PBXFileReference; fileEncoding = 4; lastKnownFileType = sourcecode.c.h; path = kssl.h; sourceTree = "<group>"; };
		6AEA515728F2CA2F00E0A986 /* sha.h */ = {isa = PBXFileReference; fileEncoding = 4; lastKnownFileType = sourcecode.c.h; path = sha.h; sourceTree = "<group>"; };
		6AEA515828F2CA2F00E0A986 /* symhacks.h */ = {isa = PBXFileReference; fileEncoding = 4; lastKnownFileType = sourcecode.c.h; path = symhacks.h; sourceTree = "<group>"; };
		6AEA515928F2CA2F00E0A986 /* asn1.h */ = {isa = PBXFileReference; fileEncoding = 4; lastKnownFileType = sourcecode.c.h; path = asn1.h; sourceTree = "<group>"; };
		6AEA515A28F2CA2F00E0A986 /* opensslconf.h */ = {isa = PBXFileReference; fileEncoding = 4; lastKnownFileType = sourcecode.c.h; path = opensslconf.h; sourceTree = "<group>"; };
		6AEA515B28F2CA2F00E0A986 /* bio.h */ = {isa = PBXFileReference; fileEncoding = 4; lastKnownFileType = sourcecode.c.h; path = bio.h; sourceTree = "<group>"; };
		6AEA515C28F2CA2F00E0A986 /* rc2.h */ = {isa = PBXFileReference; fileEncoding = 4; lastKnownFileType = sourcecode.c.h; path = rc2.h; sourceTree = "<group>"; };
		6AEA515D28F2CA2F00E0A986 /* dh.h */ = {isa = PBXFileReference; fileEncoding = 4; lastKnownFileType = sourcecode.c.h; path = dh.h; sourceTree = "<group>"; };
		6AEA515E28F2CA2F00E0A986 /* ui_compat.h */ = {isa = PBXFileReference; fileEncoding = 4; lastKnownFileType = sourcecode.c.h; path = ui_compat.h; sourceTree = "<group>"; };
		6AEA515F28F2CA2F00E0A986 /* x509v3.h */ = {isa = PBXFileReference; fileEncoding = 4; lastKnownFileType = sourcecode.c.h; path = x509v3.h; sourceTree = "<group>"; };
		6AEA516028F2CA2F00E0A986 /* ssl23.h */ = {isa = PBXFileReference; fileEncoding = 4; lastKnownFileType = sourcecode.c.h; path = ssl23.h; sourceTree = "<group>"; };
		6AEA516128F2CA2F00E0A986 /* conf.h */ = {isa = PBXFileReference; fileEncoding = 4; lastKnownFileType = sourcecode.c.h; path = conf.h; sourceTree = "<group>"; };
		6AEA516228F2CA2F00E0A986 /* md5.h */ = {isa = PBXFileReference; fileEncoding = 4; lastKnownFileType = sourcecode.c.h; path = md5.h; sourceTree = "<group>"; };
		6AEA516328F2CA2F00E0A986 /* x509_vfy.h */ = {isa = PBXFileReference; fileEncoding = 4; lastKnownFileType = sourcecode.c.h; path = x509_vfy.h; sourceTree = "<group>"; };
		6AEA516428F2CA2F00E0A986 /* txt_db.h */ = {isa = PBXFileReference; fileEncoding = 4; lastKnownFileType = sourcecode.c.h; path = txt_db.h; sourceTree = "<group>"; };
		6AEA516528F2CA2F00E0A986 /* safestack.h */ = {isa = PBXFileReference; fileEncoding = 4; lastKnownFileType = sourcecode.c.h; path = safestack.h; sourceTree = "<group>"; };
		6AEA516628F2CA2F00E0A986 /* ecdsa.h */ = {isa = PBXFileReference; fileEncoding = 4; lastKnownFileType = sourcecode.c.h; path = ecdsa.h; sourceTree = "<group>"; };
		6AEA516728F2CA2F00E0A986 /* objects.h */ = {isa = PBXFileReference; fileEncoding = 4; lastKnownFileType = sourcecode.c.h; path = objects.h; sourceTree = "<group>"; };
		6AEA516828F2CA2F00E0A986 /* pkcs12.h */ = {isa = PBXFileReference; fileEncoding = 4; lastKnownFileType = sourcecode.c.h; path = pkcs12.h; sourceTree = "<group>"; };
		6AEA516928F2CA2F00E0A986 /* crypto.h */ = {isa = PBXFileReference; fileEncoding = 4; lastKnownFileType = sourcecode.c.h; path = crypto.h; sourceTree = "<group>"; };
		6AEA516A28F2CA2F00E0A986 /* opensslv.h */ = {isa = PBXFileReference; fileEncoding = 4; lastKnownFileType = sourcecode.c.h; path = opensslv.h; sourceTree = "<group>"; };
		6AEA516B28F2CA2F00E0A986 /* pkcs7.h */ = {isa = PBXFileReference; fileEncoding = 4; lastKnownFileType = sourcecode.c.h; path = pkcs7.h; sourceTree = "<group>"; };
		6AEA516C28F2CA2F00E0A986 /* obj_mac.h */ = {isa = PBXFileReference; fileEncoding = 4; lastKnownFileType = sourcecode.c.h; path = obj_mac.h; sourceTree = "<group>"; };
		6AEA516D28F2CA2F00E0A986 /* buffer.h */ = {isa = PBXFileReference; fileEncoding = 4; lastKnownFileType = sourcecode.c.h; path = buffer.h; sourceTree = "<group>"; };
		6AEA516E28F2CA2F00E0A986 /* ssl.h */ = {isa = PBXFileReference; fileEncoding = 4; lastKnownFileType = sourcecode.c.h; path = ssl.h; sourceTree = "<group>"; };
		6AEA516F28F2CA2F00E0A986 /* srp.h */ = {isa = PBXFileReference; fileEncoding = 4; lastKnownFileType = sourcecode.c.h; path = srp.h; sourceTree = "<group>"; };
		6AEA517028F2CA2F00E0A986 /* camellia.h */ = {isa = PBXFileReference; fileEncoding = 4; lastKnownFileType = sourcecode.c.h; path = camellia.h; sourceTree = "<group>"; };
		6AEA517128F2CA2F00E0A986 /* evp.h */ = {isa = PBXFileReference; fileEncoding = 4; lastKnownFileType = sourcecode.c.h; path = evp.h; sourceTree = "<group>"; };
		6AEA517228F2CA2F00E0A986 /* e_os2.h */ = {isa = PBXFileReference; fileEncoding = 4; lastKnownFileType = sourcecode.c.h; path = e_os2.h; sourceTree = "<group>"; };
		6AEA517328F2CA2F00E0A986 /* md4.h */ = {isa = PBXFileReference; fileEncoding = 4; lastKnownFileType = sourcecode.c.h; path = md4.h; sourceTree = "<group>"; };
		6AEA517428F2CA2F00E0A986 /* hmac.h */ = {isa = PBXFileReference; fileEncoding = 4; lastKnownFileType = sourcecode.c.h; path = hmac.h; sourceTree = "<group>"; };
		6AEA517528F2CA2F00E0A986 /* aes.h */ = {isa = PBXFileReference; fileEncoding = 4; lastKnownFileType = sourcecode.c.h; path = aes.h; sourceTree = "<group>"; };
		6AEA517628F2CA2F00E0A986 /* comp.h */ = {isa = PBXFileReference; fileEncoding = 4; lastKnownFileType = sourcecode.c.h; path = comp.h; sourceTree = "<group>"; };
		6AEA517728F2CA2F00E0A986 /* cast.h */ = {isa = PBXFileReference; fileEncoding = 4; lastKnownFileType = sourcecode.c.h; path = cast.h; sourceTree = "<group>"; };
		6AEA517828F2CA2F00E0A986 /* rc4.h */ = {isa = PBXFileReference; fileEncoding = 4; lastKnownFileType = sourcecode.c.h; path = rc4.h; sourceTree = "<group>"; };
		6AEA517928F2CA2F00E0A986 /* stack.h */ = {isa = PBXFileReference; fileEncoding = 4; lastKnownFileType = sourcecode.c.h; path = stack.h; sourceTree = "<group>"; };
		6AEA517A28F2CA2F00E0A986 /* des.h */ = {isa = PBXFileReference; fileEncoding = 4; lastKnownFileType = sourcecode.c.h; path = des.h; sourceTree = "<group>"; };
		6AEA517B28F2CA2F00E0A986 /* ocsp.h */ = {isa = PBXFileReference; fileEncoding = 4; lastKnownFileType = sourcecode.c.h; path = ocsp.h; sourceTree = "<group>"; };
		6AEA517C28F2CA2F00E0A986 /* ec.h */ = {isa = PBXFileReference; fileEncoding = 4; lastKnownFileType = sourcecode.c.h; path = ec.h; sourceTree = "<group>"; };
		6AEA517D28F2CA2F00E0A986 /* ecdh.h */ = {isa = PBXFileReference; fileEncoding = 4; lastKnownFileType = sourcecode.c.h; path = ecdh.h; sourceTree = "<group>"; };
		6AEA517E28F2CA2F00E0A986 /* rand.h */ = {isa = PBXFileReference; fileEncoding = 4; lastKnownFileType = sourcecode.c.h; path = rand.h; sourceTree = "<group>"; };
		6AEA517F28F2CA2F00E0A986 /* ts.h */ = {isa = PBXFileReference; fileEncoding = 4; lastKnownFileType = sourcecode.c.h; path = ts.h; sourceTree = "<group>"; };
		6AEA518028F2CA2F00E0A986 /* pqueue.h */ = {isa = PBXFileReference; fileEncoding = 4; lastKnownFileType = sourcecode.c.h; path = pqueue.h; sourceTree = "<group>"; };
		6AEA518128F2CA2F00E0A986 /* dso.h */ = {isa = PBXFileReference; fileEncoding = 4; lastKnownFileType = sourcecode.c.h; path = dso.h; sourceTree = "<group>"; };
		6AEA518228F2CA2F00E0A986 /* seed.h */ = {isa = PBXFileReference; fileEncoding = 4; lastKnownFileType = sourcecode.c.h; path = seed.h; sourceTree = "<group>"; };
		6AEA518328F2CA2F00E0A986 /* modes.h */ = {isa = PBXFileReference; fileEncoding = 4; lastKnownFileType = sourcecode.c.h; path = modes.h; sourceTree = "<group>"; };
		6AEA518428F2CA2F00E0A986 /* ssl2.h */ = {isa = PBXFileReference; fileEncoding = 4; lastKnownFileType = sourcecode.c.h; path = ssl2.h; sourceTree = "<group>"; };
		6AEA518528F2CA2F00E0A986 /* rsa.h */ = {isa = PBXFileReference; fileEncoding = 4; lastKnownFileType = sourcecode.c.h; path = rsa.h; sourceTree = "<group>"; };
		6AEA518628F2CA2F00E0A986 /* krb5_asn.h */ = {isa = PBXFileReference; fileEncoding = 4; lastKnownFileType = sourcecode.c.h; path = krb5_asn.h; sourceTree = "<group>"; };
		6AEA518728F2CA2F00E0A986 /* des_old.h */ = {isa = PBXFileReference; fileEncoding = 4; lastKnownFileType = sourcecode.c.h; path = des_old.h; sourceTree = "<group>"; };
		6AEA518828F2CA2F00E0A986 /* ripemd.h */ = {isa = PBXFileReference; fileEncoding = 4; lastKnownFileType = sourcecode.c.h; path = ripemd.h; sourceTree = "<group>"; };
		6AEA518928F2CA2F00E0A986 /* whrlpool.h */ = {isa = PBXFileReference; fileEncoding = 4; lastKnownFileType = sourcecode.c.h; path = whrlpool.h; sourceTree = "<group>"; };
		6AEA518A28F2CA2F00E0A986 /* tls1.h */ = {isa = PBXFileReference; fileEncoding = 4; lastKnownFileType = sourcecode.c.h; path = tls1.h; sourceTree = "<group>"; };
		6AEA518B28F2CA2F00E0A986 /* mdc2.h */ = {isa = PBXFileReference; fileEncoding = 4; lastKnownFileType = sourcecode.c.h; path = mdc2.h; sourceTree = "<group>"; };
		6AEA518C28F2CA2F00E0A986 /* dsa.h */ = {isa = PBXFileReference; fileEncoding = 4; lastKnownFileType = sourcecode.c.h; path = dsa.h; sourceTree = "<group>"; };
		6AEA518D28F2CA2F00E0A986 /* srtp.h */ = {isa = PBXFileReference; fileEncoding = 4; lastKnownFileType = sourcecode.c.h; path = srtp.h; sourceTree = "<group>"; };
		6AEA518E28F2CA2F00E0A986 /* asn1t.h */ = {isa = PBXFileReference; fileEncoding = 4; lastKnownFileType = sourcecode.c.h; path = asn1t.h; sourceTree = "<group>"; };
		6AEA518F28F2CA2F00E0A986 /* cmac.h */ = {isa = PBXFileReference; fileEncoding = 4; lastKnownFileType = sourcecode.c.h; path = cmac.h; sourceTree = "<group>"; };
		6AEA519028F2CA2F00E0A986 /* ebcdic.h */ = {isa = PBXFileReference; fileEncoding = 4; lastKnownFileType = sourcecode.c.h; path = ebcdic.h; sourceTree = "<group>"; };
		6AEA519128F2CA2F00E0A986 /* idea.h */ = {isa = PBXFileReference; fileEncoding = 4; lastKnownFileType = sourcecode.c.h; path = idea.h; sourceTree = "<group>"; };
		6AEA519228F2CA2F00E0A986 /* lhash.h */ = {isa = PBXFileReference; fileEncoding = 4; lastKnownFileType = sourcecode.c.h; path = lhash.h; sourceTree = "<group>"; };
		6AEA519728F3C16600E0A986 /* AfterLogin-Extensions.swift */ = {isa = PBXFileReference; lastKnownFileType = sourcecode.swift; path = "AfterLogin-Extensions.swift"; sourceTree = "<group>"; };
		6AEA519928F3C6CB00E0A986 /* LC-Extensions.swift */ = {isa = PBXFileReference; lastKnownFileType = sourcecode.swift; path = "LC-Extensions.swift"; sourceTree = "<group>"; };
		6AEA519B28F411B400E0A986 /* pink.entitlements */ = {isa = PBXFileReference; lastKnownFileType = text.plist.entitlements; path = pink.entitlements; sourceTree = "<group>"; };
		6AEA519C28F64EC800E0A986 /* LocalizationTableVCDemo.swift */ = {isa = PBXFileReference; lastKnownFileType = sourcecode.swift; path = LocalizationTableVCDemo.swift; sourceTree = "<group>"; };
		6AEA519E28F65CF400E0A986 /* NoteEditVC-Note.swift */ = {isa = PBXFileReference; lastKnownFileType = sourcecode.swift; path = "NoteEditVC-Note.swift"; sourceTree = "<group>"; };
		6AEEBA9A28F7B36B0027A9DC /* NoteDetailVC.swift */ = {isa = PBXFileReference; lastKnownFileType = sourcecode.swift; path = NoteDetailVC.swift; sourceTree = "<group>"; };
		6AEEBA9C28F7B3FA0027A9DC /* NoteDetailVC-UI.swift */ = {isa = PBXFileReference; lastKnownFileType = sourcecode.swift; path = "NoteDetailVC-UI.swift"; sourceTree = "<group>"; };
		6AEEBA9E28F7B4080027A9DC /* NoteDetailVC-Cofig.swift */ = {isa = PBXFileReference; lastKnownFileType = sourcecode.swift; path = "NoteDetailVC-Cofig.swift"; sourceTree = "<group>"; };
		6AEEBAA028F7B7120027A9DC /* CustomViews.swift */ = {isa = PBXFileReference; lastKnownFileType = sourcecode.swift; path = CustomViews.swift; sourceTree = "<group>"; };
		6AEEBAA228F93A880027A9DC /* avatarPH.jpeg */ = {isa = PBXFileReference; lastKnownFileType = image.jpeg; path = avatarPH.jpeg; sourceTree = "<group>"; };
		6AEEBAA428F93A8E0027A9DC /* imagePH.png */ = {isa = PBXFileReference; lastKnownFileType = image.png; path = imagePH.png; sourceTree = "<group>"; };
		6AEEBAA628F954590027A9DC /* WaterfallVC-Layout.swift */ = {isa = PBXFileReference; lastKnownFileType = sourcecode.swift; path = "WaterfallVC-Layout.swift"; sourceTree = "<group>"; };
		8C31C3405BA47C7F299F9079 /* Pods-pink.debug.xcconfig */ = {isa = PBXFileReference; includeInIndex = 1; lastKnownFileType = text.xcconfig; name = "Pods-pink.debug.xcconfig"; path = "Target Support Files/Pods-pink/Pods-pink.debug.xcconfig"; sourceTree = "<group>"; };
		B384C50306A2D65B55C6B23C /* Pods_pink.framework */ = {isa = PBXFileReference; explicitFileType = wrapper.framework; includeInIndex = 0; path = Pods_pink.framework; sourceTree = BUILT_PRODUCTS_DIR; };
		FEE50E483EDDCB435B35227E /* Pods-pink.release.xcconfig */ = {isa = PBXFileReference; includeInIndex = 1; lastKnownFileType = text.xcconfig; name = "Pods-pink.release.xcconfig"; path = "Target Support Files/Pods-pink/Pods-pink.release.xcconfig"; sourceTree = "<group>"; };
/* End PBXFileReference section */

/* Begin PBXFrameworksBuildPhase section */
		6A42262C28D9DE7D009B0F4E /* Frameworks */ = {
			isa = PBXFrameworksBuildPhase;
			buildActionMask = 2147483647;
			files = (
				6AEA519328F2CA3000E0A986 /* libcrypto.a in Frameworks */,
				D39D0692E2AF67F0CC4F7C86 /* Pods_pink.framework in Frameworks */,
				6AEA519628F2CA3000E0A986 /* libssl.a in Frameworks */,
			);
			runOnlyForDeploymentPostprocessing = 0;
		};
/* End PBXFrameworksBuildPhase section */

/* Begin PBXGroup section */
		6A33F51528DAC76800865D58 /* Home */ = {
			isa = PBXGroup;
			children = (
				6A33F51628DAC7A000865D58 /* HomeVC.swift */,
				6A33F51828DACA5200865D58 /* DiscoveryVC.swift */,
				6A33F51A28DAE24D00865D58 /* FollowVC.swift */,
				6A33F51C28DAE26600865D58 /* NearByVC.swift */,
				6A40223B28E5AB5D0031A5FB /* FollowCell.swift */,
			);
			path = Home;
			sourceTree = "<group>";
		};
		6A33F51E28DAE28F00865D58 /* WaterFall */ = {
			isa = PBXGroup;
			children = (
				6A33F51F28DAE2A200865D58 /* WaterfallVC.swift */,
				6AEEBAA628F954590027A9DC /* WaterfallVC-Layout.swift */,
				6A3A2A6028E53D420007E97C /* WaterfallVC-Config.swift */,
				6A3A2A6628E53F340007E97C /* WaterfallVC-LoadData.swift */,
				6A3A2A6228E53DBE0007E97C /* WaterfallVC-DataSource.swift */,
				6A3A2A6428E53EAB0007E97C /* WaterfallVC-Delegate.swift */,
				6A33F52128DAE2BA00865D58 /* WaterfallCell.swift */,
				6A77ADFE28FE4EF8005FB05D /* WaterfallVCCell-Like.swift */,
				6A3A2A5E28E5384A0007E97C /* DraftNoteWaterfallCell.swift */,
			);
			path = WaterFall;
			sourceTree = "<group>";
		};
		6A33F52328DAE77900865D58 /* Demo */ = {
			isa = PBXGroup;
			children = (
				6A42263628D9DE7D009B0F4E /* ViewController.swift */,
				6AEA519C28F64EC800E0A986 /* LocalizationTableVCDemo.swift */,
			);
			path = Demo;
			sourceTree = "<group>";
		};
		6A33F52628DAF32D00865D58 /* NoteEdit */ = {
			isa = PBXGroup;
			children = (
				6A33F52728DAF34A00865D58 /* NoteEditVC.swift */,
				6A33F55028DD5B2A00865D58 /* NoteEditVC-Config.swift */,
				6A3A2A5828E4545D0007E97C /* NoteEditVC-UI.swift */,
				6A3A2A5628E454500007E97C /* NoteEditVC-DraftNote.swift */,
				6AEA519E28F65CF400E0A986 /* NoteEditVC-Note.swift */,
				6A3A2A5428E4543D0007E97C /* NoteEditVC-Helper.swift */,
				6A33F54828DC6E1100865D58 /* NoteEditVC-DragDrop.swift */,
				6A33F54A28DD4FAE00865D58 /* NoteEditVC-CollectionView.swift */,
				6A33F52928DAF36000865D58 /* PhotoCell.swift */,
				6A33F52B28DAF37100865D58 /* PhotoFooter.swift */,
				6A33F54C28DD597000865D58 /* TextViewIAView.swift */,
				6A33F54E28DD5A1D00865D58 /* TextViewIAView.xib */,
				6A6C09B528E147CE000A8327 /* ChannelVC.swift */,
				6A6C09B728E14927000A8327 /* ChannelTableVC.swift */,
				6A6C09BB28E17E4E000A8327 /* POIVC.swift */,
				6A6C09BD28E1985C000A8327 /* POIVC-Config.swift */,
				6A6C09BF28E19919000A8327 /* POIVC-Location.swift */,
				6A6C09C328E3047F000A8327 /* POIVC-KeywordsSearch.swift */,
				6A6C09C128E1CC1E000A8327 /* POICell.swift */,
			);
			path = NoteEdit;
			sourceTree = "<group>";
		};
		6A33F52F28DB1A4500865D58 /* Notes */ = {
			isa = PBXGroup;
			children = (
				6A33F52328DAE77900865D58 /* Demo */,
				6A33F53028DB1A5B00865D58 /* Closures.swift */,
				6A33F53228DB1A7D00865D58 /* Valuetypes+Referencetypes.swift */,
				6A33F53428DB1A8D00865D58 /* ARC+ReferencecCycle.swift */,
				6A33F53628DB1A9F00865D58 /* Enum.swift */,
			);
			path = Notes;
			sourceTree = "<group>";
		};
		6A3A2A5328E436AF0007E97C /* Resource */ = {
			isa = PBXGroup;
			children = (
				6AEEBAA428F93A8E0027A9DC /* imagePH.png */,
				6AEEBAA228F93A880027A9DC /* avatarPH.jpeg */,
				6A33F53C28DB1AE800865D58 /* Localizable.strings */,
				6A33F54328DB1B3E00865D58 /* InfoPlist.strings */,
			);
			path = Resource;
			sourceTree = "<group>";
		};
		6A40223F28E68EA70031A5FB /* Post */ = {
			isa = PBXGroup;
			children = (
				6A33F52428DAE79300865D58 /* PostVC.swift */,
			);
			path = Post;
			sourceTree = "<group>";
		};
		6A42262628D9DE7D009B0F4E = {
			isa = PBXGroup;
			children = (
				6AEA513F28F2CA2F00E0A986 /* AliPaySDKDemo */,
				6A42263128D9DE7D009B0F4E /* pink */,
				6A42263028D9DE7D009B0F4E /* Products */,
				E8A2A98F11299669A911CE75 /* Pods */,
				F6C3D6B6443989EA571AA383 /* Frameworks */,
			);
			sourceTree = "<group>";
		};
		6A42263028D9DE7D009B0F4E /* Products */ = {
			isa = PBXGroup;
			children = (
				6A42262F28D9DE7D009B0F4E /* pink.app */,
			);
			name = Products;
			sourceTree = "<group>";
		};
		6A42263128D9DE7D009B0F4E /* pink */ = {
			isa = PBXGroup;
			children = (
				6AEA519B28F411B400E0A986 /* pink.entitlements */,
				6A42264628D9DECB009B0F4E /* Common */,
				6A99410628F15149009E56A3 /* Login */,
				6A99410328F14FEC009E56A3 /* Me */,
				6A33F52628DAF32D00865D58 /* NoteEdit */,
				6AEEBA9928F7A8130027A9DC /* NoteDetail */,
				6A33F51E28DAE28F00865D58 /* WaterFall */,
				6A33F51528DAC76800865D58 /* Home */,
				6A40223F28E68EA70031A5FB /* Post */,
				6A3A2A5328E436AF0007E97C /* Resource */,
				6A33F52F28DB1A4500865D58 /* Notes */,
				6A42264B28D9E3F6009B0F4E /* TabBarC.swift */,
				6A254F23291A02CC00FBB0B8 /* Main.storyboard */,
				6A42263B28D9DE7E009B0F4E /* Assets.xcassets */,
				6A42263D28D9DE7E009B0F4E /* LaunchScreen.storyboard */,
				6A42263228D9DE7D009B0F4E /* AppDelegate.swift */,
				6A42263428D9DE7D009B0F4E /* SceneDelegate.swift */,
				6A42264028D9DE7E009B0F4E /* Info.plist */,
				6A3A2A5028E435C70007E97C /* pink.xcdatamodeld */,
				6A33F54528DB1C0000865D58 /* pink-Bridging-Header.h */,
				6A33F54628DC688600865D58 /* testVideo.mp4 */,
			);
			path = pink;
			sourceTree = "<group>";
		};
		6A42264628D9DECB009B0F4E /* Common */ = {
			isa = PBXGroup;
			children = (
				6A99410928F1534A009E56A3 /* Extensions */,
				6A6C09B928E15AB7000A8327 /* Protocols.swift */,
				6AEA513128F16D3B00E0A986 /* Constants.swift */,
				6AEEBAA028F7B7120027A9DC /* CustomViews.swift */,
			);
			path = Common;
			sourceTree = "<group>";
		};
		6A99410328F14FEC009E56A3 /* Me */ = {
			isa = PBXGroup;
			children = (
				6A3A2A6828E5996B0007E97C /* MeVC.swift */,
				6A99410A28F15897009E56A3 /* LoginAndMeParentVC.swift */,
			);
			path = Me;
			sourceTree = "<group>";
		};
		6A99410628F15149009E56A3 /* Login */ = {
			isa = PBXGroup;
			children = (
				6A99410428F15135009E56A3 /* LoginVC.swift */,
				6AEA513528F26D5400E0A986 /* CodeLoginVC.swift */,
				6AEA513728F2A00600E0A986 /* PasswordLoginVC.swift */,
				6AEA513928F2ACB300E0A986 /* SocialLoginVC.swift */,
				6AEA513B28F2BA0D00E0A986 /* SocialLoginVC-Alipay.swift */,
				6AEA513D28F2BAD000E0A986 /* SocialLoginVC-Apple.swift */,
			);
			path = Login;
			sourceTree = "<group>";
		};
		6A99410928F1534A009E56A3 /* Extensions */ = {
			isa = PBXGroup;
			children = (
				6A42264928D9E350009B0F4E /* System-Extensions.swift */,
				6A99410728F152B5009E56A3 /* LocalLogin-Extensions.swift */,
				6AEA519728F3C16600E0A986 /* AfterLogin-Extensions.swift */,
				6AEA519928F3C6CB00E0A986 /* LC-Extensions.swift */,
			);
			path = Extensions;
			sourceTree = "<group>";
		};
		6AEA513F28F2CA2F00E0A986 /* AliPaySDKDemo */ = {
			isa = PBXGroup;
			children = (
				6AEA514028F2CA2F00E0A986 /* libcrypto.a */,
				6AEA514128F2CA2F00E0A986 /* Utils */,
				6AEA514628F2CA2F00E0A986 /* libssl.a */,
				6AEA514728F2CA2F00E0A986 /* openssl */,
			);
			path = AliPaySDKDemo;
			sourceTree = "<group>";
		};
		6AEA514128F2CA2F00E0A986 /* Utils */ = {
			isa = PBXGroup;
			children = (
				6AEA514228F2CA2F00E0A986 /* openssl_wrapper.m */,
				6AEA514328F2CA2F00E0A986 /* APRSASigner.h */,
				6AEA514428F2CA2F00E0A986 /* openssl_wrapper.h */,
				6AEA514528F2CA2F00E0A986 /* APRSASigner.m */,
			);
			path = Utils;
			sourceTree = "<group>";
		};
		6AEA514728F2CA2F00E0A986 /* openssl */ = {
			isa = PBXGroup;
			children = (
				6AEA514828F2CA2F00E0A986 /* pem2.h */,
				6AEA514928F2CA2F00E0A986 /* pem.h */,
				6AEA514A28F2CA2F00E0A986 /* ssl3.h */,
				6AEA514B28F2CA2F00E0A986 /* ossl_typ.h */,
				6AEA514C28F2CA2F00E0A986 /* dtls1.h */,
				6AEA514D28F2CA2F00E0A986 /* err.h */,
				6AEA514E28F2CA2F00E0A986 /* bn.h */,
				6AEA514F28F2CA2F00E0A986 /* blowfish.h */,
				6AEA515028F2CA2F00E0A986 /* cms.h */,
				6AEA515128F2CA2F00E0A986 /* engine.h */,
				6AEA515228F2CA2F00E0A986 /* conf_api.h */,
				6AEA515328F2CA2F00E0A986 /* x509.h */,
				6AEA515428F2CA2F00E0A986 /* asn1_mac.h */,
				6AEA515528F2CA2F00E0A986 /* ui.h */,
				6AEA515628F2CA2F00E0A986 /* kssl.h */,
				6AEA515728F2CA2F00E0A986 /* sha.h */,
				6AEA515828F2CA2F00E0A986 /* symhacks.h */,
				6AEA515928F2CA2F00E0A986 /* asn1.h */,
				6AEA515A28F2CA2F00E0A986 /* opensslconf.h */,
				6AEA515B28F2CA2F00E0A986 /* bio.h */,
				6AEA515C28F2CA2F00E0A986 /* rc2.h */,
				6AEA515D28F2CA2F00E0A986 /* dh.h */,
				6AEA515E28F2CA2F00E0A986 /* ui_compat.h */,
				6AEA515F28F2CA2F00E0A986 /* x509v3.h */,
				6AEA516028F2CA2F00E0A986 /* ssl23.h */,
				6AEA516128F2CA2F00E0A986 /* conf.h */,
				6AEA516228F2CA2F00E0A986 /* md5.h */,
				6AEA516328F2CA2F00E0A986 /* x509_vfy.h */,
				6AEA516428F2CA2F00E0A986 /* txt_db.h */,
				6AEA516528F2CA2F00E0A986 /* safestack.h */,
				6AEA516628F2CA2F00E0A986 /* ecdsa.h */,
				6AEA516728F2CA2F00E0A986 /* objects.h */,
				6AEA516828F2CA2F00E0A986 /* pkcs12.h */,
				6AEA516928F2CA2F00E0A986 /* crypto.h */,
				6AEA516A28F2CA2F00E0A986 /* opensslv.h */,
				6AEA516B28F2CA2F00E0A986 /* pkcs7.h */,
				6AEA516C28F2CA2F00E0A986 /* obj_mac.h */,
				6AEA516D28F2CA2F00E0A986 /* buffer.h */,
				6AEA516E28F2CA2F00E0A986 /* ssl.h */,
				6AEA516F28F2CA2F00E0A986 /* srp.h */,
				6AEA517028F2CA2F00E0A986 /* camellia.h */,
				6AEA517128F2CA2F00E0A986 /* evp.h */,
				6AEA517228F2CA2F00E0A986 /* e_os2.h */,
				6AEA517328F2CA2F00E0A986 /* md4.h */,
				6AEA517428F2CA2F00E0A986 /* hmac.h */,
				6AEA517528F2CA2F00E0A986 /* aes.h */,
				6AEA517628F2CA2F00E0A986 /* comp.h */,
				6AEA517728F2CA2F00E0A986 /* cast.h */,
				6AEA517828F2CA2F00E0A986 /* rc4.h */,
				6AEA517928F2CA2F00E0A986 /* stack.h */,
				6AEA517A28F2CA2F00E0A986 /* des.h */,
				6AEA517B28F2CA2F00E0A986 /* ocsp.h */,
				6AEA517C28F2CA2F00E0A986 /* ec.h */,
				6AEA517D28F2CA2F00E0A986 /* ecdh.h */,
				6AEA517E28F2CA2F00E0A986 /* rand.h */,
				6AEA517F28F2CA2F00E0A986 /* ts.h */,
				6AEA518028F2CA2F00E0A986 /* pqueue.h */,
				6AEA518128F2CA2F00E0A986 /* dso.h */,
				6AEA518228F2CA2F00E0A986 /* seed.h */,
				6AEA518328F2CA2F00E0A986 /* modes.h */,
				6AEA518428F2CA2F00E0A986 /* ssl2.h */,
				6AEA518528F2CA2F00E0A986 /* rsa.h */,
				6AEA518628F2CA2F00E0A986 /* krb5_asn.h */,
				6AEA518728F2CA2F00E0A986 /* des_old.h */,
				6AEA518828F2CA2F00E0A986 /* ripemd.h */,
				6AEA518928F2CA2F00E0A986 /* whrlpool.h */,
				6AEA518A28F2CA2F00E0A986 /* tls1.h */,
				6AEA518B28F2CA2F00E0A986 /* mdc2.h */,
				6AEA518C28F2CA2F00E0A986 /* dsa.h */,
				6AEA518D28F2CA2F00E0A986 /* srtp.h */,
				6AEA518E28F2CA2F00E0A986 /* asn1t.h */,
				6AEA518F28F2CA2F00E0A986 /* cmac.h */,
				6AEA519028F2CA2F00E0A986 /* ebcdic.h */,
				6AEA519128F2CA2F00E0A986 /* idea.h */,
				6AEA519228F2CA2F00E0A986 /* lhash.h */,
			);
			path = openssl;
			sourceTree = "<group>";
		};
		6AEEBA9928F7A8130027A9DC /* NoteDetail */ = {
			isa = PBXGroup;
			children = (
				6AEEBA9A28F7B36B0027A9DC /* NoteDetailVC.swift */,
				6AEEBA9C28F7B3FA0027A9DC /* NoteDetailVC-UI.swift */,
				6AEEBA9E28F7B4080027A9DC /* NoteDetailVC-Cofig.swift */,
				6A77ADFA28FE3694005FB05D /* NoteDetailVC-Like.swift */,
				6A77ADFC28FE3BE9005FB05D /* NoteDetailVC-Fav.swift */,
				6A8EAA972918FBE700B2E286 /* NoteDetailVC-ShareOrMore.swift */,
				6A8EAA9D2919081700B2E286 /* NoteDetailVC-EditNote.swift */,
				6A8EAA992918FD4F00B2E286 /* NoteDetailVC-DelNote.swift */,
				6A9A23E6291B39E300B67C72 /* NoteDetailVC-LoadData.swift */,
				6A77AE0028FE8A4E005FB05D /* NoteDetailVC-Comment.swift */,
				6A9A23F6291B601900B67C72 /* NoteDetailVC-PostComment.swift */,
				6A9A23E8291B53D300B67C72 /*  NoteDetailVC-DelComment.swift */,
				6A254F27291A2E9300FBB0B8 /* CommentView.swift */,
				6A254F31291A4A7F00FBB0B8 /* CommentView.xib */,
				6A9A23F4291B5FE100B67C72 /* NoteDetailVC-PostReply.swift */,
				6A254F2F291A486B00FBB0B8 /* ReplyCell.swift */,
				6A254F2D291A2FB000FBB0B8 /* NoteDetailVC-TVDataSource.swift */,
				6A254F2B291A2F8D00FBB0B8 /* NoteDetailVC-TVDelegate.swift */,
				6A8EAA9B291904E400B2E286 /* NoteDetailVC-Helper.swift */,
			);
			path = NoteDetail;
			sourceTree = "<group>";
		};
		E8A2A98F11299669A911CE75 /* Pods */ = {
			isa = PBXGroup;
			children = (
				8C31C3405BA47C7F299F9079 /* Pods-pink.debug.xcconfig */,
				FEE50E483EDDCB435B35227E /* Pods-pink.release.xcconfig */,
			);
			path = Pods;
			sourceTree = "<group>";
		};
		F6C3D6B6443989EA571AA383 /* Frameworks */ = {
			isa = PBXGroup;
			children = (
				B384C50306A2D65B55C6B23C /* Pods_pink.framework */,
			);
			name = Frameworks;
			sourceTree = "<group>";
		};
/* End PBXGroup section */

/* Begin PBXNativeTarget section */
		6A42262E28D9DE7D009B0F4E /* pink */ = {
			isa = PBXNativeTarget;
			buildConfigurationList = 6A42264328D9DE7E009B0F4E /* Build configuration list for PBXNativeTarget "pink" */;
			buildPhases = (
				112822088A70DEA51396881D /* [CP] Check Pods Manifest.lock */,
				6A42262B28D9DE7D009B0F4E /* Sources */,
				6A42262C28D9DE7D009B0F4E /* Frameworks */,
				6A42262D28D9DE7D009B0F4E /* Resources */,
				DA01812F6A1CE96CF80E3124 /* [CP] Embed Pods Frameworks */,
				414F8740222C244B1EC9D53E /* [CP] Copy Pods Resources */,
			);
			buildRules = (
			);
			dependencies = (
			);
			name = pink;
			productName = pink;
			productReference = 6A42262F28D9DE7D009B0F4E /* pink.app */;
			productType = "com.apple.product-type.application";
		};
/* End PBXNativeTarget section */

/* Begin PBXProject section */
		6A42262728D9DE7D009B0F4E /* Project object */ = {
			isa = PBXProject;
			attributes = {
				BuildIndependentTargetsInParallel = 1;
				LastSwiftUpdateCheck = 1400;
				LastUpgradeCheck = 1400;
				TargetAttributes = {
					6A42262E28D9DE7D009B0F4E = {
						CreatedOnToolsVersion = 14.0;
					};
				};
			};
			buildConfigurationList = 6A42262A28D9DE7D009B0F4E /* Build configuration list for PBXProject "pink" */;
			compatibilityVersion = "Xcode 14.0";
			developmentRegion = en;
			hasScannedForEncodings = 0;
			knownRegions = (
				en,
				Base,
				"zh-Hans",
			);
			mainGroup = 6A42262628D9DE7D009B0F4E;
			productRefGroup = 6A42263028D9DE7D009B0F4E /* Products */;
			projectDirPath = "";
			projectRoot = "";
			targets = (
				6A42262E28D9DE7D009B0F4E /* pink */,
			);
		};
/* End PBXProject section */

/* Begin PBXResourcesBuildPhase section */
		6A42262D28D9DE7D009B0F4E /* Resources */ = {
			isa = PBXResourcesBuildPhase;
			buildActionMask = 2147483647;
			files = (
				6AEEBAA328F93A880027A9DC /* avatarPH.jpeg in Resources */,
				6A42263F28D9DE7E009B0F4E /* LaunchScreen.storyboard in Resources */,
				6A33F53A28DB1AE800865D58 /* Localizable.strings in Resources */,
				6A42263C28D9DE7E009B0F4E /* Assets.xcassets in Resources */,
				6A33F54128DB1B3E00865D58 /* InfoPlist.strings in Resources */,
				6A33F54728DC688600865D58 /* testVideo.mp4 in Resources */,
				6A254F32291A4A7F00FBB0B8 /* CommentView.xib in Resources */,
				6A254F24291A02CC00FBB0B8 /* Main.storyboard in Resources */,
				6A33F54F28DD5A1D00865D58 /* TextViewIAView.xib in Resources */,
				6AEEBAA528F93A8E0027A9DC /* imagePH.png in Resources */,
			);
			runOnlyForDeploymentPostprocessing = 0;
		};
/* End PBXResourcesBuildPhase section */

/* Begin PBXShellScriptBuildPhase section */
		112822088A70DEA51396881D /* [CP] Check Pods Manifest.lock */ = {
			isa = PBXShellScriptBuildPhase;
			buildActionMask = 2147483647;
			files = (
			);
			inputFileListPaths = (
			);
			inputPaths = (
				"${PODS_PODFILE_DIR_PATH}/Podfile.lock",
				"${PODS_ROOT}/Manifest.lock",
			);
			name = "[CP] Check Pods Manifest.lock";
			outputFileListPaths = (
			);
			outputPaths = (
				"$(DERIVED_FILE_DIR)/Pods-pink-checkManifestLockResult.txt",
			);
			runOnlyForDeploymentPostprocessing = 0;
			shellPath = /bin/sh;
			shellScript = "diff \"${PODS_PODFILE_DIR_PATH}/Podfile.lock\" \"${PODS_ROOT}/Manifest.lock\" > /dev/null\nif [ $? != 0 ] ; then\n    # print error to STDERR\n    echo \"error: The sandbox is not in sync with the Podfile.lock. Run 'pod install' or update your CocoaPods installation.\" >&2\n    exit 1\nfi\n# This output is used by Xcode 'outputs' to avoid re-running this script phase.\necho \"SUCCESS\" > \"${SCRIPT_OUTPUT_FILE_0}\"\n";
			showEnvVarsInLog = 0;
		};
		414F8740222C244B1EC9D53E /* [CP] Copy Pods Resources */ = {
			isa = PBXShellScriptBuildPhase;
			buildActionMask = 2147483647;
			files = (
			);
			inputFileListPaths = (
				"${PODS_ROOT}/Target Support Files/Pods-pink/Pods-pink-resources-${CONFIGURATION}-input-files.xcfilelist",
			);
			name = "[CP] Copy Pods Resources";
			outputFileListPaths = (
				"${PODS_ROOT}/Target Support Files/Pods-pink/Pods-pink-resources-${CONFIGURATION}-output-files.xcfilelist",
			);
			runOnlyForDeploymentPostprocessing = 0;
			shellPath = /bin/sh;
			shellScript = "\"${PODS_ROOT}/Target Support Files/Pods-pink/Pods-pink-resources.sh\"\n";
			showEnvVarsInLog = 0;
		};
		DA01812F6A1CE96CF80E3124 /* [CP] Embed Pods Frameworks */ = {
			isa = PBXShellScriptBuildPhase;
			buildActionMask = 2147483647;
			files = (
			);
			inputFileListPaths = (
				"${PODS_ROOT}/Target Support Files/Pods-pink/Pods-pink-frameworks-${CONFIGURATION}-input-files.xcfilelist",
			);
			name = "[CP] Embed Pods Frameworks";
			outputFileListPaths = (
				"${PODS_ROOT}/Target Support Files/Pods-pink/Pods-pink-frameworks-${CONFIGURATION}-output-files.xcfilelist",
			);
			runOnlyForDeploymentPostprocessing = 0;
			shellPath = /bin/sh;
			shellScript = "\"${PODS_ROOT}/Target Support Files/Pods-pink/Pods-pink-frameworks.sh\"\n";
			showEnvVarsInLog = 0;
		};
/* End PBXShellScriptBuildPhase section */

/* Begin PBXSourcesBuildPhase section */
		6A42262B28D9DE7D009B0F4E /* Sources */ = {
			isa = PBXSourcesBuildPhase;
			buildActionMask = 2147483647;
			files = (
				6A254F2E291A2FB000FBB0B8 /* NoteDetailVC-TVDataSource.swift in Sources */,
				6A3A2A6728E53F340007E97C /* WaterfallVC-LoadData.swift in Sources */,
				6A9A23E9291B53D300B67C72 /*  NoteDetailVC-DelComment.swift in Sources */,
				6A8EAA9E2919081700B2E286 /* NoteDetailVC-EditNote.swift in Sources */,
				6A33F52528DAE79300865D58 /* PostVC.swift in Sources */,
				6A33F52A28DAF36000865D58 /* PhotoCell.swift in Sources */,
				6A3A2A5728E454500007E97C /* NoteEditVC-DraftNote.swift in Sources */,
				6A3A2A5528E4543D0007E97C /* NoteEditVC-Helper.swift in Sources */,
				6A33F52228DAE2BA00865D58 /* WaterfallCell.swift in Sources */,
				6A42264A28D9E350009B0F4E /* System-Extensions.swift in Sources */,
				6AEA519528F2CA3000E0A986 /* APRSASigner.m in Sources */,
				6A33F51D28DAE26600865D58 /* NearByVC.swift in Sources */,
				6A9A23E7291B39E300B67C72 /* NoteDetailVC-LoadData.swift in Sources */,
				6A3A2A5F28E5384A0007E97C /* DraftNoteWaterfallCell.swift in Sources */,
				6A3A2A6528E53EAB0007E97C /* WaterfallVC-Delegate.swift in Sources */,
				6A254F2C291A2F8D00FBB0B8 /* NoteDetailVC-TVDelegate.swift in Sources */,
				6A99410B28F15897009E56A3 /* LoginAndMeParentVC.swift in Sources */,
				6A8EAA982918FBE700B2E286 /* NoteDetailVC-ShareOrMore.swift in Sources */,
				6A3A2A6928E5996B0007E97C /* MeVC.swift in Sources */,
				6A40223C28E5AB5D0031A5FB /* FollowCell.swift in Sources */,
				6A33F52C28DAF37100865D58 /* PhotoFooter.swift in Sources */,
				6A6C09C028E19919000A8327 /* POIVC-Location.swift in Sources */,
				6A254F30291A486B00FBB0B8 /* ReplyCell.swift in Sources */,
				6A33F53528DB1A8D00865D58 /* ARC+ReferencecCycle.swift in Sources */,
				6AEA513628F26D5400E0A986 /* CodeLoginVC.swift in Sources */,
				6A8EAA9A2918FD4F00B2E286 /* NoteDetailVC-DelNote.swift in Sources */,
				6A6C09BC28E17E4E000A8327 /* POIVC.swift in Sources */,
				6A33F52828DAF34A00865D58 /* NoteEditVC.swift in Sources */,
				6A33F51728DAC7A000865D58 /* HomeVC.swift in Sources */,
				6A3A2A5228E435C70007E97C /* pink.xcdatamodeld in Sources */,
				6AEA519828F3C16600E0A986 /* AfterLogin-Extensions.swift in Sources */,
				6A77ADFF28FE4EF8005FB05D /* WaterfallVCCell-Like.swift in Sources */,
				6AEA513828F2A00600E0A986 /* PasswordLoginVC.swift in Sources */,
				6A3A2A5928E4545D0007E97C /* NoteEditVC-UI.swift in Sources */,
				6A6C09B628E147CE000A8327 /* ChannelVC.swift in Sources */,
				6AEA519428F2CA3000E0A986 /* openssl_wrapper.m in Sources */,
				6A3A2A6128E53D420007E97C /* WaterfallVC-Config.swift in Sources */,
				6AEEBA9D28F7B3FA0027A9DC /* NoteDetailVC-UI.swift in Sources */,
				6AEA513228F16D3B00E0A986 /* Constants.swift in Sources */,
				6A99410528F15135009E56A3 /* LoginVC.swift in Sources */,
				6A42264C28D9E3F6009B0F4E /* TabBarC.swift in Sources */,
				6A33F55128DD5B2A00865D58 /* NoteEditVC-Config.swift in Sources */,
				6AEA513E28F2BAD000E0A986 /* SocialLoginVC-Apple.swift in Sources */,
				6A6C09BA28E15AB7000A8327 /* Protocols.swift in Sources */,
				6A33F54928DC6E1100865D58 /* NoteEditVC-DragDrop.swift in Sources */,
				6A33F52028DAE2A200865D58 /* WaterfallVC.swift in Sources */,
				6A77ADFB28FE3694005FB05D /* NoteDetailVC-Like.swift in Sources */,
				6A6C09C428E3047F000A8327 /* POIVC-KeywordsSearch.swift in Sources */,
				6A99410828F152B5009E56A3 /* LocalLogin-Extensions.swift in Sources */,
				6AEEBAA128F7B7120027A9DC /* CustomViews.swift in Sources */,
				6A8EAA9C291904E400B2E286 /* NoteDetailVC-Helper.swift in Sources */,
				6AEA519F28F65CF400E0A986 /* NoteEditVC-Note.swift in Sources */,
				6AEEBA9B28F7B36B0027A9DC /* NoteDetailVC.swift in Sources */,
				6A42263728D9DE7D009B0F4E /* ViewController.swift in Sources */,
				6A77AE0128FE8A4E005FB05D /* NoteDetailVC-Comment.swift in Sources */,
				6AEEBA9F28F7B4080027A9DC /* NoteDetailVC-Cofig.swift in Sources */,
				6AEA519D28F64EC800E0A986 /* LocalizationTableVCDemo.swift in Sources */,
				6A9A23F7291B601900B67C72 /* NoteDetailVC-PostComment.swift in Sources */,
				6A33F54B28DD4FAE00865D58 /* NoteEditVC-CollectionView.swift in Sources */,
				6A33F54D28DD597000865D58 /* TextViewIAView.swift in Sources */,
				6AEA513C28F2BA0D00E0A986 /* SocialLoginVC-Alipay.swift in Sources */,
				6A6C09B828E14927000A8327 /* ChannelTableVC.swift in Sources */,
				6A42263328D9DE7D009B0F4E /* AppDelegate.swift in Sources */,
				6A33F51B28DAE24D00865D58 /* FollowVC.swift in Sources */,
				6A33F51928DACA5200865D58 /* DiscoveryVC.swift in Sources */,
				6A6C09BE28E1985C000A8327 /* POIVC-Config.swift in Sources */,
				6AEEBAA728F954590027A9DC /* WaterfallVC-Layout.swift in Sources */,
				6A33F53128DB1A5B00865D58 /* Closures.swift in Sources */,
				6A33F53328DB1A7D00865D58 /* Valuetypes+Referencetypes.swift in Sources */,
				6A42263528D9DE7D009B0F4E /* SceneDelegate.swift in Sources */,
				6A6C09C228E1CC1E000A8327 /* POICell.swift in Sources */,
				6AEA519A28F3C6CB00E0A986 /* LC-Extensions.swift in Sources */,
				6A33F53728DB1A9F00865D58 /* Enum.swift in Sources */,
				6A77ADFD28FE3BE9005FB05D /* NoteDetailVC-Fav.swift in Sources */,
				6AEA513A28F2ACB300E0A986 /* SocialLoginVC.swift in Sources */,
				6A3A2A6328E53DBE0007E97C /* WaterfallVC-DataSource.swift in Sources */,
				6A9A23F5291B5FE100B67C72 /* NoteDetailVC-PostReply.swift in Sources */,
				6A254F28291A2E9300FBB0B8 /* CommentView.swift in Sources */,
			);
			runOnlyForDeploymentPostprocessing = 0;
		};
/* End PBXSourcesBuildPhase section */

/* Begin PBXVariantGroup section */
		6A33F53C28DB1AE800865D58 /* Localizable.strings */ = {
			isa = PBXVariantGroup;
			children = (
				6A33F53B28DB1AE800865D58 /* en */,
				6A33F53E28DB1AFC00865D58 /* zh-Hans */,
			);
			name = Localizable.strings;
			sourceTree = "<group>";
		};
		6A33F54328DB1B3E00865D58 /* InfoPlist.strings */ = {
			isa = PBXVariantGroup;
			children = (
				6A33F54228DB1B3E00865D58 /* zh-Hans */,
				6A33F54428DB1B4200865D58 /* en */,
			);
			name = InfoPlist.strings;
			sourceTree = "<group>";
		};
		6A42263D28D9DE7E009B0F4E /* LaunchScreen.storyboard */ = {
			isa = PBXVariantGroup;
			children = (
				6A42263E28D9DE7E009B0F4E /* Base */,
			);
			name = LaunchScreen.storyboard;
			sourceTree = "<group>";
		};
/* End PBXVariantGroup section */

/* Begin XCBuildConfiguration section */
		6A42264128D9DE7E009B0F4E /* Debug */ = {
			isa = XCBuildConfiguration;
			buildSettings = {
				ALWAYS_SEARCH_USER_PATHS = NO;
				CLANG_ANALYZER_LOCALIZABILITY_NONLOCALIZED = YES;
				CLANG_ANALYZER_NONNULL = YES;
				CLANG_ANALYZER_NUMBER_OBJECT_CONVERSION = YES_AGGRESSIVE;
				CLANG_CXX_LANGUAGE_STANDARD = "gnu++20";
				CLANG_ENABLE_MODULES = YES;
				CLANG_ENABLE_OBJC_ARC = YES;
				CLANG_ENABLE_OBJC_WEAK = YES;
				CLANG_WARN_BLOCK_CAPTURE_AUTORELEASING = YES;
				CLANG_WARN_BOOL_CONVERSION = YES;
				CLANG_WARN_COMMA = YES;
				CLANG_WARN_CONSTANT_CONVERSION = YES;
				CLANG_WARN_DEPRECATED_OBJC_IMPLEMENTATIONS = YES;
				CLANG_WARN_DIRECT_OBJC_ISA_USAGE = YES_ERROR;
				CLANG_WARN_DOCUMENTATION_COMMENTS = YES;
				CLANG_WARN_EMPTY_BODY = YES;
				CLANG_WARN_ENUM_CONVERSION = YES;
				CLANG_WARN_INFINITE_RECURSION = YES;
				CLANG_WARN_INT_CONVERSION = YES;
				CLANG_WARN_NON_LITERAL_NULL_CONVERSION = YES;
				CLANG_WARN_OBJC_IMPLICIT_RETAIN_SELF = YES;
				CLANG_WARN_OBJC_LITERAL_CONVERSION = YES;
				CLANG_WARN_OBJC_ROOT_CLASS = YES_ERROR;
				CLANG_WARN_QUOTED_INCLUDE_IN_FRAMEWORK_HEADER = YES;
				CLANG_WARN_RANGE_LOOP_ANALYSIS = YES;
				CLANG_WARN_STRICT_PROTOTYPES = YES;
				CLANG_WARN_SUSPICIOUS_MOVE = YES;
				CLANG_WARN_UNGUARDED_AVAILABILITY = YES_AGGRESSIVE;
				CLANG_WARN_UNREACHABLE_CODE = YES;
				CLANG_WARN__DUPLICATE_METHOD_MATCH = YES;
				COPY_PHASE_STRIP = NO;
				DEBUG_INFORMATION_FORMAT = dwarf;
				ENABLE_STRICT_OBJC_MSGSEND = YES;
				ENABLE_TESTABILITY = YES;
				GCC_C_LANGUAGE_STANDARD = gnu11;
				GCC_DYNAMIC_NO_PIC = NO;
				GCC_NO_COMMON_BLOCKS = YES;
				GCC_OPTIMIZATION_LEVEL = 0;
				GCC_PREPROCESSOR_DEFINITIONS = (
					"DEBUG=1",
					"$(inherited)",
				);
				GCC_WARN_64_TO_32_BIT_CONVERSION = YES;
				GCC_WARN_ABOUT_RETURN_TYPE = YES_ERROR;
				GCC_WARN_UNDECLARED_SELECTOR = YES;
				GCC_WARN_UNINITIALIZED_AUTOS = YES_AGGRESSIVE;
				GCC_WARN_UNUSED_FUNCTION = YES;
				GCC_WARN_UNUSED_VARIABLE = YES;
				IPHONEOS_DEPLOYMENT_TARGET = 14.5;
				MTL_ENABLE_DEBUG_INFO = INCLUDE_SOURCE;
				MTL_FAST_MATH = YES;
				ONLY_ACTIVE_ARCH = YES;
				SDKROOT = iphoneos;
				SWIFT_ACTIVE_COMPILATION_CONDITIONS = DEBUG;
				SWIFT_OPTIMIZATION_LEVEL = "-Onone";
			};
			name = Debug;
		};
		6A42264228D9DE7E009B0F4E /* Release */ = {
			isa = XCBuildConfiguration;
			buildSettings = {
				ALWAYS_SEARCH_USER_PATHS = NO;
				CLANG_ANALYZER_LOCALIZABILITY_NONLOCALIZED = YES;
				CLANG_ANALYZER_NONNULL = YES;
				CLANG_ANALYZER_NUMBER_OBJECT_CONVERSION = YES_AGGRESSIVE;
				CLANG_CXX_LANGUAGE_STANDARD = "gnu++20";
				CLANG_ENABLE_MODULES = YES;
				CLANG_ENABLE_OBJC_ARC = YES;
				CLANG_ENABLE_OBJC_WEAK = YES;
				CLANG_WARN_BLOCK_CAPTURE_AUTORELEASING = YES;
				CLANG_WARN_BOOL_CONVERSION = YES;
				CLANG_WARN_COMMA = YES;
				CLANG_WARN_CONSTANT_CONVERSION = YES;
				CLANG_WARN_DEPRECATED_OBJC_IMPLEMENTATIONS = YES;
				CLANG_WARN_DIRECT_OBJC_ISA_USAGE = YES_ERROR;
				CLANG_WARN_DOCUMENTATION_COMMENTS = YES;
				CLANG_WARN_EMPTY_BODY = YES;
				CLANG_WARN_ENUM_CONVERSION = YES;
				CLANG_WARN_INFINITE_RECURSION = YES;
				CLANG_WARN_INT_CONVERSION = YES;
				CLANG_WARN_NON_LITERAL_NULL_CONVERSION = YES;
				CLANG_WARN_OBJC_IMPLICIT_RETAIN_SELF = YES;
				CLANG_WARN_OBJC_LITERAL_CONVERSION = YES;
				CLANG_WARN_OBJC_ROOT_CLASS = YES_ERROR;
				CLANG_WARN_QUOTED_INCLUDE_IN_FRAMEWORK_HEADER = YES;
				CLANG_WARN_RANGE_LOOP_ANALYSIS = YES;
				CLANG_WARN_STRICT_PROTOTYPES = YES;
				CLANG_WARN_SUSPICIOUS_MOVE = YES;
				CLANG_WARN_UNGUARDED_AVAILABILITY = YES_AGGRESSIVE;
				CLANG_WARN_UNREACHABLE_CODE = YES;
				CLANG_WARN__DUPLICATE_METHOD_MATCH = YES;
				COPY_PHASE_STRIP = NO;
				DEBUG_INFORMATION_FORMAT = "dwarf-with-dsym";
				ENABLE_NS_ASSERTIONS = NO;
				ENABLE_STRICT_OBJC_MSGSEND = YES;
				GCC_C_LANGUAGE_STANDARD = gnu11;
				GCC_NO_COMMON_BLOCKS = YES;
				GCC_WARN_64_TO_32_BIT_CONVERSION = YES;
				GCC_WARN_ABOUT_RETURN_TYPE = YES_ERROR;
				GCC_WARN_UNDECLARED_SELECTOR = YES;
				GCC_WARN_UNINITIALIZED_AUTOS = YES_AGGRESSIVE;
				GCC_WARN_UNUSED_FUNCTION = YES;
				GCC_WARN_UNUSED_VARIABLE = YES;
				IPHONEOS_DEPLOYMENT_TARGET = 14.5;
				MTL_ENABLE_DEBUG_INFO = NO;
				MTL_FAST_MATH = YES;
				SDKROOT = iphoneos;
				SWIFT_COMPILATION_MODE = wholemodule;
				SWIFT_OPTIMIZATION_LEVEL = "-O";
				VALIDATE_PRODUCT = YES;
			};
			name = Release;
		};
		6A42264428D9DE7E009B0F4E /* Debug */ = {
			isa = XCBuildConfiguration;
			baseConfigurationReference = 8C31C3405BA47C7F299F9079 /* Pods-pink.debug.xcconfig */;
			buildSettings = {
				ASSETCATALOG_COMPILER_APPICON_NAME = AppIcon;
				ASSETCATALOG_COMPILER_GLOBAL_ACCENT_COLOR_NAME = AccentColor;
				CODE_SIGN_ENTITLEMENTS = pink/pink.entitlements;
				CODE_SIGN_STYLE = Automatic;
				CURRENT_PROJECT_VERSION = 1;
				DEVELOPMENT_TEAM = ABPL22F4U4;
				GENERATE_INFOPLIST_FILE = YES;
				HEADER_SEARCH_PATHS = (
					"$(inherited)",
					"\"${PODS_CONFIGURATION_BUILD_DIR}/ActionSheetPicker-3.0/ActionSheetPicker_3_0.framework/Headers\"",
					"\"${PODS_CONFIGURATION_BUILD_DIR}/Alamofire/Alamofire.framework/Headers\"",
					"\"${PODS_CONFIGURATION_BUILD_DIR}/CHTCollectionViewWaterfallLayout/CHTCollectionViewWaterfallLayout.framework/Headers\"",
					"\"${PODS_CONFIGURATION_BUILD_DIR}/DateToolsSwift/DateToolsSwift.framework/Headers\"",
					"\"${PODS_CONFIGURATION_BUILD_DIR}/DynamicBlurView/DynamicBlurView.framework/Headers\"",
					"\"${PODS_CONFIGURATION_BUILD_DIR}/FaveButton/FaveButton.framework/Headers\"",
					"\"${PODS_CONFIGURATION_BUILD_DIR}/GRDB.swift/GRDB.framework/Headers\"",
					"\"${PODS_CONFIGURATION_BUILD_DIR}/GrowingTextView/GrowingTextView.framework/Headers\"",
					"\"${PODS_CONFIGURATION_BUILD_DIR}/Hero/Hero.framework/Headers\"",
					"\"${PODS_CONFIGURATION_BUILD_DIR}/ImageSlideshow/ImageSlideshow.framework/Headers\"",
					"\"${PODS_CONFIGURATION_BUILD_DIR}/KMPlaceholderTextView/KMPlaceholderTextView.framework/Headers\"",
					"\"${PODS_CONFIGURATION_BUILD_DIR}/Kingfisher/Kingfisher.framework/Headers\"",
					"\"${PODS_CONFIGURATION_BUILD_DIR}/LeanCloud/LeanCloud.framework/Headers\"",
					"\"${PODS_CONFIGURATION_BUILD_DIR}/MBProgressHUD/MBProgressHUD.framework/Headers\"",
					"\"${PODS_CONFIGURATION_BUILD_DIR}/MJRefresh/MJRefresh.framework/Headers\"",
					"\"${PODS_CONFIGURATION_BUILD_DIR}/PopupDialog/PopupDialog.framework/Headers\"",
					"\"${PODS_CONFIGURATION_BUILD_DIR}/PryntTrimmerView/PryntTrimmerView.framework/Headers\"",
					"\"${PODS_CONFIGURATION_BUILD_DIR}/SKPhotoBrowser/SKPhotoBrowser.framework/Headers\"",
					"\"${PODS_CONFIGURATION_BUILD_DIR}/SegementSlide/SegementSlide.framework/Headers\"",
					"\"${PODS_CONFIGURATION_BUILD_DIR}/SteviaLayout/Stevia.framework/Headers\"",
					"\"${PODS_CONFIGURATION_BUILD_DIR}/SwiftProtobuf/SwiftProtobuf.framework/Headers\"",
					"\"${PODS_CONFIGURATION_BUILD_DIR}/XLPagerTabStrip/XLPagerTabStrip.framework/Headers\"",
					"\"${PODS_CONFIGURATION_BUILD_DIR}/YPImagePicker/YPImagePicker.framework/Headers\"",
					"\"${PODS_ROOT}/Headers/Public\"",
					"\"${PODS_ROOT}/Headers/Public/JCore\"",
					"\"${PODS_ROOT}/Headers/Public/JVerification\"",
					"\"$(SRCROOT)/AliPaySDKDemo\"",
				);
				INFOPLIST_FILE = pink/Info.plist;
				INFOPLIST_KEY_CFBundleDisplayName = PinkBook;
				INFOPLIST_KEY_NSCameraUsageDescription = "打开后可拍摄照片和视频";
				INFOPLIST_KEY_NSLocationWhenInUseUsageDescription = "打开后可获取周边信息,前台定位";
				INFOPLIST_KEY_NSMicrophoneUsageDescription = "打开后可录制视频声音";
				INFOPLIST_KEY_NSPhotoLibraryAddUsageDescription = "打开后可存储照片和视频";
				INFOPLIST_KEY_NSPhotoLibraryUsageDescription = "打开后可选择照片和视频";
				INFOPLIST_KEY_UIApplicationSupportsIndirectInputEvents = YES;
				INFOPLIST_KEY_UILaunchStoryboardName = LaunchScreen;
				INFOPLIST_KEY_UIMainStoryboardFile = Main;
				INFOPLIST_KEY_UISupportedInterfaceOrientations_iPad = "UIInterfaceOrientationPortrait UIInterfaceOrientationPortraitUpsideDown UIInterfaceOrientationLandscapeLeft UIInterfaceOrientationLandscapeRight";
				INFOPLIST_KEY_UISupportedInterfaceOrientations_iPhone = "UIInterfaceOrientationPortrait UIInterfaceOrientationLandscapeLeft UIInterfaceOrientationLandscapeRight";
				IPHONEOS_DEPLOYMENT_TARGET = 14.5;
				LD_RUNPATH_SEARCH_PATHS = (
					"$(inherited)",
					"@executable_path/Frameworks",
				);
				LIBRARY_SEARCH_PATHS = (
					"$(inherited)",
					"$(PROJECT_DIR)/AliPaySDKDemo",
				);
				MARKETING_VERSION = 1.0;
				OTHER_LDFLAGS = (
					"$(inherited)",
					"-ObjC",
					"-l\"c++\"",
					"-l\"c++.1\"",
					"-l\"jcore-ios-3.2.5\"",
					"-l\"jverification-ios-2.9.3\"",
					"-l\"resolv\"",
					"-l\"sqlite3\"",
					"-l\"sqlite3.0\"",
					"-l\"z\"",
					"-framework",
					"\"AMapFoundationKit\"",
					"-framework",
					"\"AMapLocationKit\"",
					"-framework",
					"\"AMapSearchKit\"",
					"-framework",
					"\"AVFoundation\"",
					"-framework",
					"\"Accelerate\"",
					"-framework",
					"\"ActionSheetPicker_3_0\"",
					"-framework",
					"\"Alamofire\"",
					"-framework",
					"\"AlipaySDK\"",
					"-framework",
					"\"AudioToolbox\"",
					"-framework",
					"\"CFNetwork\"",
					"-framework",
					"\"CHTCollectionViewWaterfallLayout\"",
					"-framework",
					"\"CoreAudio\"",
					"-framework",
					"\"CoreFoundation\"",
					"-framework",
					"\"CoreGraphics\"",
					"-framework",
					"\"CoreLocation\"",
					"-framework",
					"\"CoreMedia\"",
					"-framework",
					"\"CoreMotion\"",
					"-framework",
					"\"CoreTelephony\"",
					"-framework",
					"\"CoreText\"",
					"-framework",
					"\"DateToolsSwift\"",
					"-framework",
					"\"DynamicBlurView\"",
					"-framework",
					"\"EAccountApiSDK\"",
					"-framework",
					"\"ExternalAccessory\"",
					"-framework",
					"\"FaveButton\"",
					"-framework",
					"\"Foundation\"",
					"-framework",
					"\"GRDB\"",
					"-framework",
					"\"GTCaptcha4\"",
					"-framework",
					"\"GrowingTextView\"",
					"-framework",
					"\"Hero\"",
					"-framework",
					"\"ImageSlideshow\"",
					"-framework",
					"\"KMPlaceholderTextView\"",
					"-framework",
					"\"Kingfisher\"",
					"-framework",
					"\"LeanCloud\"",
					"-framework",
					"\"MBProgressHUD\"",
					"-framework",
					"\"MJRefresh\"",
					"-framework",
					"\"MobileCoreServices\"",
					"-framework",
					"\"PopupDialog\"",
					"-framework",
					"\"PryntTrimmerView\"",
					"-framework",
					"\"QuartzCore\"",
					"-framework",
					"\"QuickLogin\"",
					"-framework",
					"\"SKPhotoBrowser\"",
					"-framework",
					"\"Security\"",
					"-framework",
					"\"SegementSlide\"",
					"-framework",
					"\"Stevia\"",
					"-framework",
					"\"SwiftProtobuf\"",
					"-framework",
					"\"SystemConfiguration\"",
					"-framework",
					"\"TYRZUISDK\"",
					"-framework",
					"\"UIKit\"",
					"-framework",
					"\"WebKit\"",
					"-framework",
					"\"XLPagerTabStrip\"",
					"-framework",
					"\"YPImagePicker\"",
					"-framework",
					"\"account_login_sdk_noui_core\"",
					"-weak_framework",
					"\"AppTrackingTransparency\"",
					"-weak_framework",
					"\"Combine\"",
					"-weak_framework",
					"\"SwiftUI\"",
					"-weak_framework",
					"\"UserNotifications\"",
				);
				PRODUCT_BUNDLE_IDENTIFIER = com.app.pink;
				PRODUCT_NAME = "$(TARGET_NAME)";
				SWIFT_EMIT_LOC_STRINGS = YES;
				SWIFT_OBJC_BRIDGING_HEADER = "pink/pink-Bridging-Header.h";
				SWIFT_VERSION = 5.0;
				TARGETED_DEVICE_FAMILY = "1,2";
			};
			name = Debug;
		};
		6A42264528D9DE7E009B0F4E /* Release */ = {
			isa = XCBuildConfiguration;
			baseConfigurationReference = FEE50E483EDDCB435B35227E /* Pods-pink.release.xcconfig */;
			buildSettings = {
				ASSETCATALOG_COMPILER_APPICON_NAME = AppIcon;
				ASSETCATALOG_COMPILER_GLOBAL_ACCENT_COLOR_NAME = AccentColor;
				CODE_SIGN_ENTITLEMENTS = pink/pink.entitlements;
				CODE_SIGN_STYLE = Automatic;
				CURRENT_PROJECT_VERSION = 1;
				DEVELOPMENT_TEAM = ABPL22F4U4;
				GENERATE_INFOPLIST_FILE = YES;
				HEADER_SEARCH_PATHS = (
					"$(inherited)",
					"\"${PODS_CONFIGURATION_BUILD_DIR}/ActionSheetPicker-3.0/ActionSheetPicker_3_0.framework/Headers\"",
					"\"${PODS_CONFIGURATION_BUILD_DIR}/Alamofire/Alamofire.framework/Headers\"",
					"\"${PODS_CONFIGURATION_BUILD_DIR}/CHTCollectionViewWaterfallLayout/CHTCollectionViewWaterfallLayout.framework/Headers\"",
					"\"${PODS_CONFIGURATION_BUILD_DIR}/DateToolsSwift/DateToolsSwift.framework/Headers\"",
					"\"${PODS_CONFIGURATION_BUILD_DIR}/DynamicBlurView/DynamicBlurView.framework/Headers\"",
					"\"${PODS_CONFIGURATION_BUILD_DIR}/FaveButton/FaveButton.framework/Headers\"",
					"\"${PODS_CONFIGURATION_BUILD_DIR}/GRDB.swift/GRDB.framework/Headers\"",
					"\"${PODS_CONFIGURATION_BUILD_DIR}/GrowingTextView/GrowingTextView.framework/Headers\"",
					"\"${PODS_CONFIGURATION_BUILD_DIR}/Hero/Hero.framework/Headers\"",
					"\"${PODS_CONFIGURATION_BUILD_DIR}/ImageSlideshow/ImageSlideshow.framework/Headers\"",
					"\"${PODS_CONFIGURATION_BUILD_DIR}/KMPlaceholderTextView/KMPlaceholderTextView.framework/Headers\"",
					"\"${PODS_CONFIGURATION_BUILD_DIR}/Kingfisher/Kingfisher.framework/Headers\"",
					"\"${PODS_CONFIGURATION_BUILD_DIR}/LeanCloud/LeanCloud.framework/Headers\"",
					"\"${PODS_CONFIGURATION_BUILD_DIR}/MBProgressHUD/MBProgressHUD.framework/Headers\"",
					"\"${PODS_CONFIGURATION_BUILD_DIR}/MJRefresh/MJRefresh.framework/Headers\"",
					"\"${PODS_CONFIGURATION_BUILD_DIR}/PopupDialog/PopupDialog.framework/Headers\"",
					"\"${PODS_CONFIGURATION_BUILD_DIR}/PryntTrimmerView/PryntTrimmerView.framework/Headers\"",
					"\"${PODS_CONFIGURATION_BUILD_DIR}/SKPhotoBrowser/SKPhotoBrowser.framework/Headers\"",
					"\"${PODS_CONFIGURATION_BUILD_DIR}/SegementSlide/SegementSlide.framework/Headers\"",
					"\"${PODS_CONFIGURATION_BUILD_DIR}/SteviaLayout/Stevia.framework/Headers\"",
					"\"${PODS_CONFIGURATION_BUILD_DIR}/SwiftProtobuf/SwiftProtobuf.framework/Headers\"",
					"\"${PODS_CONFIGURATION_BUILD_DIR}/XLPagerTabStrip/XLPagerTabStrip.framework/Headers\"",
					"\"${PODS_CONFIGURATION_BUILD_DIR}/YPImagePicker/YPImagePicker.framework/Headers\"",
					"\"${PODS_ROOT}/Headers/Public\"",
					"\"${PODS_ROOT}/Headers/Public/JCore\"",
					"\"${PODS_ROOT}/Headers/Public/JVerification\"",
					"\"$(SRCROOT)/AliPaySDKDemo\"",
				);
				INFOPLIST_FILE = pink/Info.plist;
				INFOPLIST_KEY_CFBundleDisplayName = PinkBook;
				INFOPLIST_KEY_NSCameraUsageDescription = "打开后可拍摄照片和视频";
				INFOPLIST_KEY_NSLocationWhenInUseUsageDescription = "打开后可获取周边信息,前台定位";
				INFOPLIST_KEY_NSMicrophoneUsageDescription = "打开后可录制视频声音";
				INFOPLIST_KEY_NSPhotoLibraryAddUsageDescription = "打开后可存储照片和视频";
				INFOPLIST_KEY_NSPhotoLibraryUsageDescription = "打开后可选择照片和视频";
				INFOPLIST_KEY_UIApplicationSupportsIndirectInputEvents = YES;
				INFOPLIST_KEY_UILaunchStoryboardName = LaunchScreen;
				INFOPLIST_KEY_UIMainStoryboardFile = Main;
				INFOPLIST_KEY_UISupportedInterfaceOrientations_iPad = "UIInterfaceOrientationPortrait UIInterfaceOrientationPortraitUpsideDown UIInterfaceOrientationLandscapeLeft UIInterfaceOrientationLandscapeRight";
				INFOPLIST_KEY_UISupportedInterfaceOrientations_iPhone = "UIInterfaceOrientationPortrait UIInterfaceOrientationLandscapeLeft UIInterfaceOrientationLandscapeRight";
				IPHONEOS_DEPLOYMENT_TARGET = 14.5;
				LD_RUNPATH_SEARCH_PATHS = (
					"$(inherited)",
					"@executable_path/Frameworks",
				);
				LIBRARY_SEARCH_PATHS = (
					"$(inherited)",
					"$(PROJECT_DIR)/AliPaySDKDemo",
				);
				MARKETING_VERSION = 1.0;
				OTHER_LDFLAGS = (
					"$(inherited)",
					"-ObjC",
					"-l\"c++\"",
					"-l\"c++.1\"",
					"-l\"jcore-ios-3.2.5\"",
					"-l\"jverification-ios-2.9.3\"",
					"-l\"resolv\"",
					"-l\"sqlite3\"",
					"-l\"sqlite3.0\"",
					"-l\"z\"",
					"-framework",
					"\"AMapFoundationKit\"",
					"-framework",
					"\"AMapLocationKit\"",
					"-framework",
					"\"AMapSearchKit\"",
					"-framework",
					"\"AVFoundation\"",
					"-framework",
					"\"Accelerate\"",
					"-framework",
					"\"ActionSheetPicker_3_0\"",
					"-framework",
					"\"Alamofire\"",
					"-framework",
					"\"AlipaySDK\"",
					"-framework",
					"\"AudioToolbox\"",
					"-framework",
					"\"CFNetwork\"",
					"-framework",
					"\"CHTCollectionViewWaterfallLayout\"",
					"-framework",
					"\"CoreAudio\"",
					"-framework",
					"\"CoreFoundation\"",
					"-framework",
					"\"CoreGraphics\"",
					"-framework",
					"\"CoreLocation\"",
					"-framework",
					"\"CoreMedia\"",
					"-framework",
					"\"CoreMotion\"",
					"-framework",
					"\"CoreTelephony\"",
					"-framework",
					"\"CoreText\"",
					"-framework",
					"\"DateToolsSwift\"",
					"-framework",
					"\"DynamicBlurView\"",
					"-framework",
					"\"EAccountApiSDK\"",
					"-framework",
					"\"ExternalAccessory\"",
					"-framework",
					"\"FaveButton\"",
					"-framework",
					"\"Foundation\"",
					"-framework",
					"\"GRDB\"",
					"-framework",
					"\"GTCaptcha4\"",
					"-framework",
					"\"GrowingTextView\"",
					"-framework",
					"\"Hero\"",
					"-framework",
					"\"ImageSlideshow\"",
					"-framework",
					"\"KMPlaceholderTextView\"",
					"-framework",
					"\"Kingfisher\"",
					"-framework",
					"\"LeanCloud\"",
					"-framework",
					"\"MBProgressHUD\"",
					"-framework",
					"\"MJRefresh\"",
					"-framework",
					"\"MobileCoreServices\"",
					"-framework",
					"\"PopupDialog\"",
					"-framework",
					"\"PryntTrimmerView\"",
					"-framework",
					"\"QuartzCore\"",
					"-framework",
					"\"QuickLogin\"",
					"-framework",
					"\"SKPhotoBrowser\"",
					"-framework",
					"\"Security\"",
					"-framework",
					"\"SegementSlide\"",
					"-framework",
					"\"Stevia\"",
					"-framework",
					"\"SwiftProtobuf\"",
					"-framework",
					"\"SystemConfiguration\"",
					"-framework",
					"\"TYRZUISDK\"",
					"-framework",
					"\"UIKit\"",
					"-framework",
					"\"WebKit\"",
					"-framework",
					"\"XLPagerTabStrip\"",
					"-framework",
					"\"YPImagePicker\"",
					"-framework",
					"\"account_login_sdk_noui_core\"",
					"-weak_framework",
					"\"AppTrackingTransparency\"",
					"-weak_framework",
					"\"Combine\"",
					"-weak_framework",
					"\"SwiftUI\"",
					"-weak_framework",
					"\"UserNotifications\"",
				);
				PRODUCT_BUNDLE_IDENTIFIER = com.app.pink;
				PRODUCT_NAME = "$(TARGET_NAME)";
				SWIFT_EMIT_LOC_STRINGS = YES;
				SWIFT_OBJC_BRIDGING_HEADER = "pink/pink-Bridging-Header.h";
				SWIFT_VERSION = 5.0;
				TARGETED_DEVICE_FAMILY = "1,2";
			};
			name = Release;
		};
/* End XCBuildConfiguration section */

/* Begin XCConfigurationList section */
		6A42262A28D9DE7D009B0F4E /* Build configuration list for PBXProject "pink" */ = {
			isa = XCConfigurationList;
			buildConfigurations = (
				6A42264128D9DE7E009B0F4E /* Debug */,
				6A42264228D9DE7E009B0F4E /* Release */,
			);
			defaultConfigurationIsVisible = 0;
			defaultConfigurationName = Release;
		};
		6A42264328D9DE7E009B0F4E /* Build configuration list for PBXNativeTarget "pink" */ = {
			isa = XCConfigurationList;
			buildConfigurations = (
				6A42264428D9DE7E009B0F4E /* Debug */,
				6A42264528D9DE7E009B0F4E /* Release */,
			);
			defaultConfigurationIsVisible = 0;
			defaultConfigurationName = Release;
		};
/* End XCConfigurationList section */

/* Begin XCVersionGroup section */
		6A3A2A5028E435C70007E97C /* pink.xcdatamodeld */ = {
			isa = XCVersionGroup;
			children = (
				6A3A2A5D28E5319F0007E97C /* pink v2.xcdatamodel */,
				6A3A2A5128E435C70007E97C /* pink.xcdatamodel */,
			);
			currentVersion = 6A3A2A5D28E5319F0007E97C /* pink v2.xcdatamodel */;
			path = pink.xcdatamodeld;
			sourceTree = "<group>";
			versionGroupType = wrapper.xcdatamodel;
		};
/* End XCVersionGroup section */
	};
	rootObject = 6A42262728D9DE7D009B0F4E /* Project object */;
}
