// !$*UTF8*$!
{
	archiveVersion = 1;
	classes = {
	};
	objectVersion = 56;
	objects = {

/* Begin PBXBuildFile section */
		6A33F51728DAC7A000865D58 /* HomeVC.swift in Sources */ = {isa = PBXBuildFile; fileRef = 6A33F51628DAC7A000865D58 /* HomeVC.swift */; };
		6A33F51928DACA5200865D58 /* DiscoveryVC.swift in Sources */ = {isa = PBXBuildFile; fileRef = 6A33F51828DACA5200865D58 /* DiscoveryVC.swift */; };
		6A33F51B28DAE24D00865D58 /* FollowVC.swift in Sources */ = {isa = PBXBuildFile; fileRef = 6A33F51A28DAE24D00865D58 /* FollowVC.swift */; };
		6A33F51D28DAE26600865D58 /* NearByVC.swift in Sources */ = {isa = PBXBuildFile; fileRef = 6A33F51C28DAE26600865D58 /* NearByVC.swift */; };
		6A33F52028DAE2A200865D58 /* WaterfallVC.swift in Sources */ = {isa = PBXBuildFile; fileRef = 6A33F51F28DAE2A200865D58 /* WaterfallVC.swift */; };
		6A33F52228DAE2BA00865D58 /* WaterfallCell.swift in Sources */ = {isa = PBXBuildFile; fileRef = 6A33F52128DAE2BA00865D58 /* WaterfallCell.swift */; };
		6A33F52528DAE79300865D58 /* PostVC.swift in Sources */ = {isa = PBXBuildFile; fileRef = 6A33F52428DAE79300865D58 /* PostVC.swift */; };
		6A33F52828DAF34A00865D58 /* NoteEditVC.swift in Sources */ = {isa = PBXBuildFile; fileRef = 6A33F52728DAF34A00865D58 /* NoteEditVC.swift */; };
		6A33F52A28DAF36000865D58 /* PhotoCell.swift in Sources */ = {isa = PBXBuildFile; fileRef = 6A33F52928DAF36000865D58 /* PhotoCell.swift */; };
		6A33F52C28DAF37100865D58 /* PhotoFooter.swift in Sources */ = {isa = PBXBuildFile; fileRef = 6A33F52B28DAF37100865D58 /* PhotoFooter.swift */; };
		6A33F53128DB1A5B00865D58 /* Closures.swift in Sources */ = {isa = PBXBuildFile; fileRef = 6A33F53028DB1A5B00865D58 /* Closures.swift */; };
		6A33F53328DB1A7D00865D58 /* Valuetypes+Referencetypes.swift in Sources */ = {isa = PBXBuildFile; fileRef = 6A33F53228DB1A7D00865D58 /* Valuetypes+Referencetypes.swift */; };
		6A33F53528DB1A8D00865D58 /* ARC+ReferencecCycle.swift in Sources */ = {isa = PBXBuildFile; fileRef = 6A33F53428DB1A8D00865D58 /* ARC+ReferencecCycle.swift */; };
		6A33F53728DB1A9F00865D58 /* Enum.swift in Sources */ = {isa = PBXBuildFile; fileRef = 6A33F53628DB1A9F00865D58 /* Enum.swift */; };
		6A33F53A28DB1AE800865D58 /* Localizable.strings in Resources */ = {isa = PBXBuildFile; fileRef = 6A33F53C28DB1AE800865D58 /* Localizable.strings */; };
		6A33F54128DB1B3E00865D58 /* InfoPlist.strings in Resources */ = {isa = PBXBuildFile; fileRef = 6A33F54328DB1B3E00865D58 /* InfoPlist.strings */; };
		6A33F54728DC688600865D58 /* testVideo.mp4 in Resources */ = {isa = PBXBuildFile; fileRef = 6A33F54628DC688600865D58 /* testVideo.mp4 */; };
		6A33F54928DC6E1100865D58 /* NoteEditVC-DragDrop.swift in Sources */ = {isa = PBXBuildFile; fileRef = 6A33F54828DC6E1100865D58 /* NoteEditVC-DragDrop.swift */; };
		6A33F54B28DD4FAE00865D58 /* NoteEditVC-CollectionView.swift in Sources */ = {isa = PBXBuildFile; fileRef = 6A33F54A28DD4FAE00865D58 /* NoteEditVC-CollectionView.swift */; };
		6A33F54D28DD597000865D58 /* TextViewIAView.swift in Sources */ = {isa = PBXBuildFile; fileRef = 6A33F54C28DD597000865D58 /* TextViewIAView.swift */; };
		6A33F54F28DD5A1D00865D58 /* TextViewIAView.xib in Resources */ = {isa = PBXBuildFile; fileRef = 6A33F54E28DD5A1D00865D58 /* TextViewIAView.xib */; };
		6A33F55128DD5B2A00865D58 /* NoteEditVC-Config.swift in Sources */ = {isa = PBXBuildFile; fileRef = 6A33F55028DD5B2A00865D58 /* NoteEditVC-Config.swift */; };
		6A3A2A5228E435C70007E97C /* pink.xcdatamodeld in Sources */ = {isa = PBXBuildFile; fileRef = 6A3A2A5028E435C70007E97C /* pink.xcdatamodeld */; };
		6A3A2A5528E4543D0007E97C /* NoteEditVC-Helper.swift in Sources */ = {isa = PBXBuildFile; fileRef = 6A3A2A5428E4543D0007E97C /* NoteEditVC-Helper.swift */; };
		6A3A2A5728E454500007E97C /* NoteEditVC-DraftNote.swift in Sources */ = {isa = PBXBuildFile; fileRef = 6A3A2A5628E454500007E97C /* NoteEditVC-DraftNote.swift */; };
		6A3A2A5928E4545D0007E97C /* NoteEditVC-UI.swift in Sources */ = {isa = PBXBuildFile; fileRef = 6A3A2A5828E4545D0007E97C /* NoteEditVC-UI.swift */; };
		6A3A2A5F28E5384A0007E97C /* DraftNoteWaterfallCell.swift in Sources */ = {isa = PBXBuildFile; fileRef = 6A3A2A5E28E5384A0007E97C /* DraftNoteWaterfallCell.swift */; };
		6A3A2A6128E53D420007E97C /* WaterfallVC-Config.swift in Sources */ = {isa = PBXBuildFile; fileRef = 6A3A2A6028E53D420007E97C /* WaterfallVC-Config.swift */; };
		6A3A2A6328E53DBE0007E97C /* WaterfallVC-DataSource.swift in Sources */ = {isa = PBXBuildFile; fileRef = 6A3A2A6228E53DBE0007E97C /* WaterfallVC-DataSource.swift */; };
		6A3A2A6528E53EAB0007E97C /* WaterfallVC-Delegate.swift in Sources */ = {isa = PBXBuildFile; fileRef = 6A3A2A6428E53EAB0007E97C /* WaterfallVC-Delegate.swift */; };
		6A3A2A6728E53F340007E97C /* WaterfallVC-LoadData.swift in Sources */ = {isa = PBXBuildFile; fileRef = 6A3A2A6628E53F340007E97C /* WaterfallVC-LoadData.swift */; };
		6A3A2A6928E5996B0007E97C /* MeVC.swift in Sources */ = {isa = PBXBuildFile; fileRef = 6A3A2A6828E5996B0007E97C /* MeVC.swift */; };
		6A40223C28E5AB5D0031A5FB /* FollowCell.swift in Sources */ = {isa = PBXBuildFile; fileRef = 6A40223B28E5AB5D0031A5FB /* FollowCell.swift */; };
		6A42263328D9DE7D009B0F4E /* AppDelegate.swift in Sources */ = {isa = PBXBuildFile; fileRef = 6A42263228D9DE7D009B0F4E /* AppDelegate.swift */; };
		6A42263528D9DE7D009B0F4E /* SceneDelegate.swift in Sources */ = {isa = PBXBuildFile; fileRef = 6A42263428D9DE7D009B0F4E /* SceneDelegate.swift */; };
		6A42263728D9DE7D009B0F4E /* ViewController.swift in Sources */ = {isa = PBXBuildFile; fileRef = 6A42263628D9DE7D009B0F4E /* ViewController.swift */; };
		6A42263A28D9DE7D009B0F4E /* Main.storyboard in Resources */ = {isa = PBXBuildFile; fileRef = 6A42263828D9DE7D009B0F4E /* Main.storyboard */; };
		6A42263C28D9DE7E009B0F4E /* Assets.xcassets in Resources */ = {isa = PBXBuildFile; fileRef = 6A42263B28D9DE7E009B0F4E /* Assets.xcassets */; };
		6A42263F28D9DE7E009B0F4E /* LaunchScreen.storyboard in Resources */ = {isa = PBXBuildFile; fileRef = 6A42263D28D9DE7E009B0F4E /* LaunchScreen.storyboard */; };
		6A42264A28D9E350009B0F4E /* System-Extensions.swift in Sources */ = {isa = PBXBuildFile; fileRef = 6A42264928D9E350009B0F4E /* System-Extensions.swift */; };
		6A42264C28D9E3F6009B0F4E /* TabBarC.swift in Sources */ = {isa = PBXBuildFile; fileRef = 6A42264B28D9E3F6009B0F4E /* TabBarC.swift */; };
		6A6C09B628E147CE000A8327 /* ChannelVC.swift in Sources */ = {isa = PBXBuildFile; fileRef = 6A6C09B528E147CE000A8327 /* ChannelVC.swift */; };
		6A6C09B828E14927000A8327 /* ChannelTableVC.swift in Sources */ = {isa = PBXBuildFile; fileRef = 6A6C09B728E14927000A8327 /* ChannelTableVC.swift */; };
		6A6C09BA28E15AB7000A8327 /* Protocols.swift in Sources */ = {isa = PBXBuildFile; fileRef = 6A6C09B928E15AB7000A8327 /* Protocols.swift */; };
		6A6C09BC28E17E4E000A8327 /* POIVC.swift in Sources */ = {isa = PBXBuildFile; fileRef = 6A6C09BB28E17E4E000A8327 /* POIVC.swift */; };
		6A6C09BE28E1985C000A8327 /*  POIVC-Config.swift in Sources */ = {isa = PBXBuildFile; fileRef = 6A6C09BD28E1985C000A8327 /*  POIVC-Config.swift */; };
		6A6C09C028E19919000A8327 /* POIVC-Location.swift in Sources */ = {isa = PBXBuildFile; fileRef = 6A6C09BF28E19919000A8327 /* POIVC-Location.swift */; };
		6A6C09C228E1CC1E000A8327 /* POICell.swift in Sources */ = {isa = PBXBuildFile; fileRef = 6A6C09C128E1CC1E000A8327 /* POICell.swift */; };
		6A6C09C428E3047F000A8327 /* POIVC-KeywordsSearch.swift in Sources */ = {isa = PBXBuildFile; fileRef = 6A6C09C328E3047F000A8327 /* POIVC-KeywordsSearch.swift */; };
		6A99410528F15135009E56A3 /* LoginVC.swift in Sources */ = {isa = PBXBuildFile; fileRef = 6A99410428F15135009E56A3 /* LoginVC.swift */; };
		6A99410828F152B5009E56A3 /* LocalLogin-Extensions.swift in Sources */ = {isa = PBXBuildFile; fileRef = 6A99410728F152B5009E56A3 /* LocalLogin-Extensions.swift */; };
		6A99410B28F15897009E56A3 /* LoginAndMeParentVC.swift in Sources */ = {isa = PBXBuildFile; fileRef = 6A99410A28F15897009E56A3 /* LoginAndMeParentVC.swift */; };
		6AEA513228F16D3B00E0A986 /* Constants.swift in Sources */ = {isa = PBXBuildFile; fileRef = 6AEA513128F16D3B00E0A986 /* Constants.swift */; };
		D39D0692E2AF67F0CC4F7C86 /* Pods_pink.framework in Frameworks */ = {isa = PBXBuildFile; fileRef = B384C50306A2D65B55C6B23C /* Pods_pink.framework */; };
/* End PBXBuildFile section */

/* Begin PBXFileReference section */
		6A33F51628DAC7A000865D58 /* HomeVC.swift */ = {isa = PBXFileReference; lastKnownFileType = sourcecode.swift; path = HomeVC.swift; sourceTree = "<group>"; };
		6A33F51828DACA5200865D58 /* DiscoveryVC.swift */ = {isa = PBXFileReference; lastKnownFileType = sourcecode.swift; path = DiscoveryVC.swift; sourceTree = "<group>"; };
		6A33F51A28DAE24D00865D58 /* FollowVC.swift */ = {isa = PBXFileReference; lastKnownFileType = sourcecode.swift; path = FollowVC.swift; sourceTree = "<group>"; };
		6A33F51C28DAE26600865D58 /* NearByVC.swift */ = {isa = PBXFileReference; lastKnownFileType = sourcecode.swift; path = NearByVC.swift; sourceTree = "<group>"; };
		6A33F51F28DAE2A200865D58 /* WaterfallVC.swift */ = {isa = PBXFileReference; lastKnownFileType = sourcecode.swift; path = WaterfallVC.swift; sourceTree = "<group>"; };
		6A33F52128DAE2BA00865D58 /* WaterfallCell.swift */ = {isa = PBXFileReference; lastKnownFileType = sourcecode.swift; path = WaterfallCell.swift; sourceTree = "<group>"; };
		6A33F52428DAE79300865D58 /* PostVC.swift */ = {isa = PBXFileReference; lastKnownFileType = sourcecode.swift; path = PostVC.swift; sourceTree = "<group>"; };
		6A33F52728DAF34A00865D58 /* NoteEditVC.swift */ = {isa = PBXFileReference; lastKnownFileType = sourcecode.swift; path = NoteEditVC.swift; sourceTree = "<group>"; };
		6A33F52928DAF36000865D58 /* PhotoCell.swift */ = {isa = PBXFileReference; lastKnownFileType = sourcecode.swift; path = PhotoCell.swift; sourceTree = "<group>"; };
		6A33F52B28DAF37100865D58 /* PhotoFooter.swift */ = {isa = PBXFileReference; lastKnownFileType = sourcecode.swift; path = PhotoFooter.swift; sourceTree = "<group>"; };
		6A33F53028DB1A5B00865D58 /* Closures.swift */ = {isa = PBXFileReference; lastKnownFileType = sourcecode.swift; path = Closures.swift; sourceTree = "<group>"; };
		6A33F53228DB1A7D00865D58 /* Valuetypes+Referencetypes.swift */ = {isa = PBXFileReference; lastKnownFileType = sourcecode.swift; path = "Valuetypes+Referencetypes.swift"; sourceTree = "<group>"; };
		6A33F53428DB1A8D00865D58 /* ARC+ReferencecCycle.swift */ = {isa = PBXFileReference; lastKnownFileType = sourcecode.swift; path = "ARC+ReferencecCycle.swift"; sourceTree = "<group>"; };
		6A33F53628DB1A9F00865D58 /* Enum.swift */ = {isa = PBXFileReference; lastKnownFileType = sourcecode.swift; path = Enum.swift; sourceTree = "<group>"; };
		6A33F53B28DB1AE800865D58 /* en */ = {isa = PBXFileReference; lastKnownFileType = text.plist.strings; name = en; path = en.lproj/Localizable.strings; sourceTree = "<group>"; };
		6A33F53D28DB1AFC00865D58 /* zh-Hans */ = {isa = PBXFileReference; lastKnownFileType = text.plist.strings; name = "zh-Hans"; path = "zh-Hans.lproj/Main.strings"; sourceTree = "<group>"; };
		6A33F53E28DB1AFC00865D58 /* zh-Hans */ = {isa = PBXFileReference; lastKnownFileType = text.plist.strings; name = "zh-Hans"; path = "zh-Hans.lproj/Localizable.strings"; sourceTree = "<group>"; };
		6A33F54228DB1B3E00865D58 /* zh-Hans */ = {isa = PBXFileReference; lastKnownFileType = text.plist.strings; name = "zh-Hans"; path = "zh-Hans.lproj/InfoPlist.strings"; sourceTree = "<group>"; };
		6A33F54428DB1B4200865D58 /* en */ = {isa = PBXFileReference; lastKnownFileType = text.plist.strings; name = en; path = en.lproj/InfoPlist.strings; sourceTree = "<group>"; };
		6A33F54528DB1C0000865D58 /* pink-Bridging-Header.h */ = {isa = PBXFileReference; lastKnownFileType = sourcecode.c.h; path = "pink-Bridging-Header.h"; sourceTree = "<group>"; };
		6A33F54628DC688600865D58 /* testVideo.mp4 */ = {isa = PBXFileReference; lastKnownFileType = file; path = testVideo.mp4; sourceTree = "<group>"; };
		6A33F54828DC6E1100865D58 /* NoteEditVC-DragDrop.swift */ = {isa = PBXFileReference; lastKnownFileType = sourcecode.swift; path = "NoteEditVC-DragDrop.swift"; sourceTree = "<group>"; };
		6A33F54A28DD4FAE00865D58 /* NoteEditVC-CollectionView.swift */ = {isa = PBXFileReference; lastKnownFileType = sourcecode.swift; path = "NoteEditVC-CollectionView.swift"; sourceTree = "<group>"; };
		6A33F54C28DD597000865D58 /* TextViewIAView.swift */ = {isa = PBXFileReference; lastKnownFileType = sourcecode.swift; path = TextViewIAView.swift; sourceTree = "<group>"; };
		6A33F54E28DD5A1D00865D58 /* TextViewIAView.xib */ = {isa = PBXFileReference; lastKnownFileType = file.xib; path = TextViewIAView.xib; sourceTree = "<group>"; };
		6A33F55028DD5B2A00865D58 /* NoteEditVC-Config.swift */ = {isa = PBXFileReference; lastKnownFileType = sourcecode.swift; path = "NoteEditVC-Config.swift"; sourceTree = "<group>"; };
		6A3A2A5128E435C70007E97C /* pink.xcdatamodel */ = {isa = PBXFileReference; lastKnownFileType = wrapper.xcdatamodel; path = pink.xcdatamodel; sourceTree = "<group>"; };
		6A3A2A5428E4543D0007E97C /* NoteEditVC-Helper.swift */ = {isa = PBXFileReference; lastKnownFileType = sourcecode.swift; path = "NoteEditVC-Helper.swift"; sourceTree = "<group>"; };
		6A3A2A5628E454500007E97C /* NoteEditVC-DraftNote.swift */ = {isa = PBXFileReference; lastKnownFileType = sourcecode.swift; path = "NoteEditVC-DraftNote.swift"; sourceTree = "<group>"; };
		6A3A2A5828E4545D0007E97C /* NoteEditVC-UI.swift */ = {isa = PBXFileReference; lastKnownFileType = sourcecode.swift; path = "NoteEditVC-UI.swift"; sourceTree = "<group>"; };
		6A3A2A5D28E5319F0007E97C /* pink v2.xcdatamodel */ = {isa = PBXFileReference; lastKnownFileType = wrapper.xcdatamodel; path = "pink v2.xcdatamodel"; sourceTree = "<group>"; };
		6A3A2A5E28E5384A0007E97C /* DraftNoteWaterfallCell.swift */ = {isa = PBXFileReference; lastKnownFileType = sourcecode.swift; path = DraftNoteWaterfallCell.swift; sourceTree = "<group>"; };
		6A3A2A6028E53D420007E97C /* WaterfallVC-Config.swift */ = {isa = PBXFileReference; lastKnownFileType = sourcecode.swift; path = "WaterfallVC-Config.swift"; sourceTree = "<group>"; };
		6A3A2A6228E53DBE0007E97C /* WaterfallVC-DataSource.swift */ = {isa = PBXFileReference; lastKnownFileType = sourcecode.swift; path = "WaterfallVC-DataSource.swift"; sourceTree = "<group>"; };
		6A3A2A6428E53EAB0007E97C /* WaterfallVC-Delegate.swift */ = {isa = PBXFileReference; lastKnownFileType = sourcecode.swift; path = "WaterfallVC-Delegate.swift"; sourceTree = "<group>"; };
		6A3A2A6628E53F340007E97C /* WaterfallVC-LoadData.swift */ = {isa = PBXFileReference; lastKnownFileType = sourcecode.swift; path = "WaterfallVC-LoadData.swift"; sourceTree = "<group>"; };
		6A3A2A6828E5996B0007E97C /* MeVC.swift */ = {isa = PBXFileReference; lastKnownFileType = sourcecode.swift; path = MeVC.swift; sourceTree = "<group>"; };
		6A40223B28E5AB5D0031A5FB /* FollowCell.swift */ = {isa = PBXFileReference; lastKnownFileType = sourcecode.swift; path = FollowCell.swift; sourceTree = "<group>"; };
		6A42262F28D9DE7D009B0F4E /* pink.app */ = {isa = PBXFileReference; explicitFileType = wrapper.application; includeInIndex = 0; path = pink.app; sourceTree = BUILT_PRODUCTS_DIR; };
		6A42263228D9DE7D009B0F4E /* AppDelegate.swift */ = {isa = PBXFileReference; lastKnownFileType = sourcecode.swift; path = AppDelegate.swift; sourceTree = "<group>"; };
		6A42263428D9DE7D009B0F4E /* SceneDelegate.swift */ = {isa = PBXFileReference; lastKnownFileType = sourcecode.swift; path = SceneDelegate.swift; sourceTree = "<group>"; };
		6A42263628D9DE7D009B0F4E /* ViewController.swift */ = {isa = PBXFileReference; lastKnownFileType = sourcecode.swift; path = ViewController.swift; sourceTree = "<group>"; };
		6A42263928D9DE7D009B0F4E /* Base */ = {isa = PBXFileReference; lastKnownFileType = file.storyboard; name = Base; path = Base.lproj/Main.storyboard; sourceTree = "<group>"; };
		6A42263B28D9DE7E009B0F4E /* Assets.xcassets */ = {isa = PBXFileReference; lastKnownFileType = folder.assetcatalog; path = Assets.xcassets; sourceTree = "<group>"; };
		6A42263E28D9DE7E009B0F4E /* Base */ = {isa = PBXFileReference; lastKnownFileType = file.storyboard; name = Base; path = Base.lproj/LaunchScreen.storyboard; sourceTree = "<group>"; };
		6A42264028D9DE7E009B0F4E /* Info.plist */ = {isa = PBXFileReference; lastKnownFileType = text.plist.xml; path = Info.plist; sourceTree = "<group>"; };
		6A42264928D9E350009B0F4E /* System-Extensions.swift */ = {isa = PBXFileReference; lastKnownFileType = sourcecode.swift; path = "System-Extensions.swift"; sourceTree = "<group>"; };
		6A42264B28D9E3F6009B0F4E /* TabBarC.swift */ = {isa = PBXFileReference; lastKnownFileType = sourcecode.swift; path = TabBarC.swift; sourceTree = "<group>"; };
		6A6C09B528E147CE000A8327 /* ChannelVC.swift */ = {isa = PBXFileReference; lastKnownFileType = sourcecode.swift; path = ChannelVC.swift; sourceTree = "<group>"; };
		6A6C09B728E14927000A8327 /* ChannelTableVC.swift */ = {isa = PBXFileReference; lastKnownFileType = sourcecode.swift; path = ChannelTableVC.swift; sourceTree = "<group>"; };
		6A6C09B928E15AB7000A8327 /* Protocols.swift */ = {isa = PBXFileReference; lastKnownFileType = sourcecode.swift; path = Protocols.swift; sourceTree = "<group>"; };
		6A6C09BB28E17E4E000A8327 /* POIVC.swift */ = {isa = PBXFileReference; lastKnownFileType = sourcecode.swift; path = POIVC.swift; sourceTree = "<group>"; };
		6A6C09BD28E1985C000A8327 /*  POIVC-Config.swift */ = {isa = PBXFileReference; lastKnownFileType = sourcecode.swift; path = " POIVC-Config.swift"; sourceTree = "<group>"; };
		6A6C09BF28E19919000A8327 /* POIVC-Location.swift */ = {isa = PBXFileReference; lastKnownFileType = sourcecode.swift; path = "POIVC-Location.swift"; sourceTree = "<group>"; };
		6A6C09C128E1CC1E000A8327 /* POICell.swift */ = {isa = PBXFileReference; lastKnownFileType = sourcecode.swift; path = POICell.swift; sourceTree = "<group>"; };
		6A6C09C328E3047F000A8327 /* POIVC-KeywordsSearch.swift */ = {isa = PBXFileReference; lastKnownFileType = sourcecode.swift; path = "POIVC-KeywordsSearch.swift"; sourceTree = "<group>"; };
		6A99410428F15135009E56A3 /* LoginVC.swift */ = {isa = PBXFileReference; lastKnownFileType = sourcecode.swift; path = LoginVC.swift; sourceTree = "<group>"; };
		6A99410728F152B5009E56A3 /* LocalLogin-Extensions.swift */ = {isa = PBXFileReference; lastKnownFileType = sourcecode.swift; path = "LocalLogin-Extensions.swift"; sourceTree = "<group>"; };
		6A99410A28F15897009E56A3 /* LoginAndMeParentVC.swift */ = {isa = PBXFileReference; lastKnownFileType = sourcecode.swift; path = LoginAndMeParentVC.swift; sourceTree = "<group>"; };
		6AEA513128F16D3B00E0A986 /* Constants.swift */ = {isa = PBXFileReference; lastKnownFileType = sourcecode.swift; path = Constants.swift; sourceTree = "<group>"; };
		8C31C3405BA47C7F299F9079 /* Pods-pink.debug.xcconfig */ = {isa = PBXFileReference; includeInIndex = 1; lastKnownFileType = text.xcconfig; name = "Pods-pink.debug.xcconfig"; path = "Target Support Files/Pods-pink/Pods-pink.debug.xcconfig"; sourceTree = "<group>"; };
		B384C50306A2D65B55C6B23C /* Pods_pink.framework */ = {isa = PBXFileReference; explicitFileType = wrapper.framework; includeInIndex = 0; path = Pods_pink.framework; sourceTree = BUILT_PRODUCTS_DIR; };
		FEE50E483EDDCB435B35227E /* Pods-pink.release.xcconfig */ = {isa = PBXFileReference; includeInIndex = 1; lastKnownFileType = text.xcconfig; name = "Pods-pink.release.xcconfig"; path = "Target Support Files/Pods-pink/Pods-pink.release.xcconfig"; sourceTree = "<group>"; };
/* End PBXFileReference section */

/* Begin PBXFrameworksBuildPhase section */
		6A42262C28D9DE7D009B0F4E /* Frameworks */ = {
			isa = PBXFrameworksBuildPhase;
			buildActionMask = 2147483647;
			files = (
				D39D0692E2AF67F0CC4F7C86 /* Pods_pink.framework in Frameworks */,
			);
			runOnlyForDeploymentPostprocessing = 0;
		};
/* End PBXFrameworksBuildPhase section */

/* Begin PBXGroup section */
		6A33F51528DAC76800865D58 /* Home */ = {
			isa = PBXGroup;
			children = (
				6A33F51628DAC7A000865D58 /* HomeVC.swift */,
				6A33F51828DACA5200865D58 /* DiscoveryVC.swift */,
				6A33F51A28DAE24D00865D58 /* FollowVC.swift */,
				6A33F51C28DAE26600865D58 /* NearByVC.swift */,
				6A40223B28E5AB5D0031A5FB /* FollowCell.swift */,
			);
			path = Home;
			sourceTree = "<group>";
		};
		6A33F51E28DAE28F00865D58 /* WaterFall */ = {
			isa = PBXGroup;
			children = (
				6A33F51F28DAE2A200865D58 /* WaterfallVC.swift */,
				6A3A2A6028E53D420007E97C /* WaterfallVC-Config.swift */,
				6A3A2A6628E53F340007E97C /* WaterfallVC-LoadData.swift */,
				6A3A2A6228E53DBE0007E97C /* WaterfallVC-DataSource.swift */,
				6A3A2A6428E53EAB0007E97C /* WaterfallVC-Delegate.swift */,
				6A33F52128DAE2BA00865D58 /* WaterfallCell.swift */,
				6A3A2A5E28E5384A0007E97C /* DraftNoteWaterfallCell.swift */,
			);
			path = WaterFall;
			sourceTree = "<group>";
		};
		6A33F52328DAE77900865D58 /* Demo */ = {
			isa = PBXGroup;
			children = (
				6A42263628D9DE7D009B0F4E /* ViewController.swift */,
			);
			path = Demo;
			sourceTree = "<group>";
		};
		6A33F52628DAF32D00865D58 /* NoteEdit */ = {
			isa = PBXGroup;
			children = (
				6A33F52728DAF34A00865D58 /* NoteEditVC.swift */,
				6A33F55028DD5B2A00865D58 /* NoteEditVC-Config.swift */,
				6A3A2A5828E4545D0007E97C /* NoteEditVC-UI.swift */,
				6A3A2A5628E454500007E97C /* NoteEditVC-DraftNote.swift */,
				6A3A2A5428E4543D0007E97C /* NoteEditVC-Helper.swift */,
				6A33F54828DC6E1100865D58 /* NoteEditVC-DragDrop.swift */,
				6A33F54A28DD4FAE00865D58 /* NoteEditVC-CollectionView.swift */,
				6A33F52928DAF36000865D58 /* PhotoCell.swift */,
				6A33F52B28DAF37100865D58 /* PhotoFooter.swift */,
				6A33F54C28DD597000865D58 /* TextViewIAView.swift */,
				6A33F54E28DD5A1D00865D58 /* TextViewIAView.xib */,
				6A6C09B528E147CE000A8327 /* ChannelVC.swift */,
				6A6C09B728E14927000A8327 /* ChannelTableVC.swift */,
				6A6C09BB28E17E4E000A8327 /* POIVC.swift */,
				6A6C09BD28E1985C000A8327 /*  POIVC-Config.swift */,
				6A6C09BF28E19919000A8327 /* POIVC-Location.swift */,
				6A6C09C328E3047F000A8327 /* POIVC-KeywordsSearch.swift */,
				6A6C09C128E1CC1E000A8327 /* POICell.swift */,
			);
			path = NoteEdit;
			sourceTree = "<group>";
		};
		6A33F52F28DB1A4500865D58 /* Notes */ = {
			isa = PBXGroup;
			children = (
				6A33F52328DAE77900865D58 /* Demo */,
				6A33F53028DB1A5B00865D58 /* Closures.swift */,
				6A33F53228DB1A7D00865D58 /* Valuetypes+Referencetypes.swift */,
				6A33F53428DB1A8D00865D58 /* ARC+ReferencecCycle.swift */,
				6A33F53628DB1A9F00865D58 /* Enum.swift */,
			);
			path = Notes;
			sourceTree = "<group>";
		};
		6A3A2A5328E436AF0007E97C /* Resource */ = {
			isa = PBXGroup;
			children = (
				6A33F53C28DB1AE800865D58 /* Localizable.strings */,
				6A33F54328DB1B3E00865D58 /* InfoPlist.strings */,
			);
			path = Resource;
			sourceTree = "<group>";
		};
		6A40223F28E68EA70031A5FB /* Post */ = {
			isa = PBXGroup;
			children = (
				6A42264B28D9E3F6009B0F4E /* TabBarC.swift */,
				6A33F52428DAE79300865D58 /* PostVC.swift */,
			);
			path = Post;
			sourceTree = "<group>";
		};
		6A42262628D9DE7D009B0F4E = {
			isa = PBXGroup;
			children = (
				6A42263128D9DE7D009B0F4E /* pink */,
				6A42263028D9DE7D009B0F4E /* Products */,
				E8A2A98F11299669A911CE75 /* Pods */,
				F6C3D6B6443989EA571AA383 /* Frameworks */,
			);
			sourceTree = "<group>";
		};
		6A42263028D9DE7D009B0F4E /* Products */ = {
			isa = PBXGroup;
			children = (
				6A42262F28D9DE7D009B0F4E /* pink.app */,
			);
			name = Products;
			sourceTree = "<group>";
		};
		6A42263128D9DE7D009B0F4E /* pink */ = {
			isa = PBXGroup;
			children = (
				6A99410628F15149009E56A3 /* Login */,
				6A99410328F14FEC009E56A3 /* Me */,
				6A42264628D9DECB009B0F4E /* Common */,
				6A33F52628DAF32D00865D58 /* NoteEdit */,
				6A33F51E28DAE28F00865D58 /* WaterFall */,
				6A33F51528DAC76800865D58 /* Home */,
				6A40223F28E68EA70031A5FB /* Post */,
				6A3A2A5328E436AF0007E97C /* Resource */,
				6A33F52F28DB1A4500865D58 /* Notes */,
				6A42263828D9DE7D009B0F4E /* Main.storyboard */,
				6A42263B28D9DE7E009B0F4E /* Assets.xcassets */,
				6A42263D28D9DE7E009B0F4E /* LaunchScreen.storyboard */,
				6A42263228D9DE7D009B0F4E /* AppDelegate.swift */,
				6A42263428D9DE7D009B0F4E /* SceneDelegate.swift */,
				6A42264028D9DE7E009B0F4E /* Info.plist */,
				6A3A2A5028E435C70007E97C /* pink.xcdatamodeld */,
				6A33F54528DB1C0000865D58 /* pink-Bridging-Header.h */,
				6A33F54628DC688600865D58 /* testVideo.mp4 */,
			);
			path = pink;
			sourceTree = "<group>";
		};
		6A42264628D9DECB009B0F4E /* Common */ = {
			isa = PBXGroup;
			children = (
				6A99410928F1534A009E56A3 /* Extensions */,
				6A6C09B928E15AB7000A8327 /* Protocols.swift */,
				6AEA513128F16D3B00E0A986 /* Constants.swift */,
			);
			path = Common;
			sourceTree = "<group>";
		};
		6A99410328F14FEC009E56A3 /* Me */ = {
			isa = PBXGroup;
			children = (
				6A3A2A6828E5996B0007E97C /* MeVC.swift */,
				6A99410A28F15897009E56A3 /* LoginAndMeParentVC.swift */,
			);
			path = Me;
			sourceTree = "<group>";
		};
		6A99410628F15149009E56A3 /* Login */ = {
			isa = PBXGroup;
			children = (
				6A99410428F15135009E56A3 /* LoginVC.swift */,
			);
			path = Login;
			sourceTree = "<group>";
		};
		6A99410928F1534A009E56A3 /* Extensions */ = {
			isa = PBXGroup;
			children = (
				6A42264928D9E350009B0F4E /* System-Extensions.swift */,
				6A99410728F152B5009E56A3 /* LocalLogin-Extensions.swift */,
			);
			path = Extensions;
			sourceTree = "<group>";
		};
		E8A2A98F11299669A911CE75 /* Pods */ = {
			isa = PBXGroup;
			children = (
				8C31C3405BA47C7F299F9079 /* Pods-pink.debug.xcconfig */,
				FEE50E483EDDCB435B35227E /* Pods-pink.release.xcconfig */,
			);
			path = Pods;
			sourceTree = "<group>";
		};
		F6C3D6B6443989EA571AA383 /* Frameworks */ = {
			isa = PBXGroup;
			children = (
				B384C50306A2D65B55C6B23C /* Pods_pink.framework */,
			);
			name = Frameworks;
			sourceTree = "<group>";
		};
/* End PBXGroup section */

/* Begin PBXNativeTarget section */
		6A42262E28D9DE7D009B0F4E /* pink */ = {
			isa = PBXNativeTarget;
			buildConfigurationList = 6A42264328D9DE7E009B0F4E /* Build configuration list for PBXNativeTarget "pink" */;
			buildPhases = (
				112822088A70DEA51396881D /* [CP] Check Pods Manifest.lock */,
				6A42262B28D9DE7D009B0F4E /* Sources */,
				6A42262C28D9DE7D009B0F4E /* Frameworks */,
				6A42262D28D9DE7D009B0F4E /* Resources */,
				DA01812F6A1CE96CF80E3124 /* [CP] Embed Pods Frameworks */,
				414F8740222C244B1EC9D53E /* [CP] Copy Pods Resources */,
			);
			buildRules = (
			);
			dependencies = (
			);
			name = pink;
			productName = pink;
			productReference = 6A42262F28D9DE7D009B0F4E /* pink.app */;
			productType = "com.apple.product-type.application";
		};
/* End PBXNativeTarget section */

/* Begin PBXProject section */
		6A42262728D9DE7D009B0F4E /* Project object */ = {
			isa = PBXProject;
			attributes = {
				BuildIndependentTargetsInParallel = 1;
				LastSwiftUpdateCheck = 1400;
				LastUpgradeCheck = 1400;
				TargetAttributes = {
					6A42262E28D9DE7D009B0F4E = {
						CreatedOnToolsVersion = 14.0;
					};
				};
			};
			buildConfigurationList = 6A42262A28D9DE7D009B0F4E /* Build configuration list for PBXProject "pink" */;
			compatibilityVersion = "Xcode 14.0";
			developmentRegion = en;
			hasScannedForEncodings = 0;
			knownRegions = (
				en,
				Base,
				"zh-Hans",
			);
			mainGroup = 6A42262628D9DE7D009B0F4E;
			productRefGroup = 6A42263028D9DE7D009B0F4E /* Products */;
			projectDirPath = "";
			projectRoot = "";
			targets = (
				6A42262E28D9DE7D009B0F4E /* pink */,
			);
		};
/* End PBXProject section */

/* Begin PBXResourcesBuildPhase section */
		6A42262D28D9DE7D009B0F4E /* Resources */ = {
			isa = PBXResourcesBuildPhase;
			buildActionMask = 2147483647;
			files = (
				6A42263F28D9DE7E009B0F4E /* LaunchScreen.storyboard in Resources */,
				6A33F53A28DB1AE800865D58 /* Localizable.strings in Resources */,
				6A42263C28D9DE7E009B0F4E /* Assets.xcassets in Resources */,
				6A42263A28D9DE7D009B0F4E /* Main.storyboard in Resources */,
				6A33F54128DB1B3E00865D58 /* InfoPlist.strings in Resources */,
				6A33F54728DC688600865D58 /* testVideo.mp4 in Resources */,
				6A33F54F28DD5A1D00865D58 /* TextViewIAView.xib in Resources */,
			);
			runOnlyForDeploymentPostprocessing = 0;
		};
/* End PBXResourcesBuildPhase section */

/* Begin PBXShellScriptBuildPhase section */
		112822088A70DEA51396881D /* [CP] Check Pods Manifest.lock */ = {
			isa = PBXShellScriptBuildPhase;
			buildActionMask = 2147483647;
			files = (
			);
			inputFileListPaths = (
			);
			inputPaths = (
				"${PODS_PODFILE_DIR_PATH}/Podfile.lock",
				"${PODS_ROOT}/Manifest.lock",
			);
			name = "[CP] Check Pods Manifest.lock";
			outputFileListPaths = (
			);
			outputPaths = (
				"$(DERIVED_FILE_DIR)/Pods-pink-checkManifestLockResult.txt",
			);
			runOnlyForDeploymentPostprocessing = 0;
			shellPath = /bin/sh;
			shellScript = "diff \"${PODS_PODFILE_DIR_PATH}/Podfile.lock\" \"${PODS_ROOT}/Manifest.lock\" > /dev/null\nif [ $? != 0 ] ; then\n    # print error to STDERR\n    echo \"error: The sandbox is not in sync with the Podfile.lock. Run 'pod install' or update your CocoaPods installation.\" >&2\n    exit 1\nfi\n# This output is used by Xcode 'outputs' to avoid re-running this script phase.\necho \"SUCCESS\" > \"${SCRIPT_OUTPUT_FILE_0}\"\n";
			showEnvVarsInLog = 0;
		};
		414F8740222C244B1EC9D53E /* [CP] Copy Pods Resources */ = {
			isa = PBXShellScriptBuildPhase;
			buildActionMask = 2147483647;
			files = (
			);
			inputFileListPaths = (
				"${PODS_ROOT}/Target Support Files/Pods-pink/Pods-pink-resources-${CONFIGURATION}-input-files.xcfilelist",
			);
			name = "[CP] Copy Pods Resources";
			outputFileListPaths = (
				"${PODS_ROOT}/Target Support Files/Pods-pink/Pods-pink-resources-${CONFIGURATION}-output-files.xcfilelist",
			);
			runOnlyForDeploymentPostprocessing = 0;
			shellPath = /bin/sh;
			shellScript = "\"${PODS_ROOT}/Target Support Files/Pods-pink/Pods-pink-resources.sh\"\n";
			showEnvVarsInLog = 0;
		};
		DA01812F6A1CE96CF80E3124 /* [CP] Embed Pods Frameworks */ = {
			isa = PBXShellScriptBuildPhase;
			buildActionMask = 2147483647;
			files = (
			);
			inputFileListPaths = (
				"${PODS_ROOT}/Target Support Files/Pods-pink/Pods-pink-frameworks-${CONFIGURATION}-input-files.xcfilelist",
			);
			name = "[CP] Embed Pods Frameworks";
			outputFileListPaths = (
				"${PODS_ROOT}/Target Support Files/Pods-pink/Pods-pink-frameworks-${CONFIGURATION}-output-files.xcfilelist",
			);
			runOnlyForDeploymentPostprocessing = 0;
			shellPath = /bin/sh;
			shellScript = "\"${PODS_ROOT}/Target Support Files/Pods-pink/Pods-pink-frameworks.sh\"\n";
			showEnvVarsInLog = 0;
		};
/* End PBXShellScriptBuildPhase section */

/* Begin PBXSourcesBuildPhase section */
		6A42262B28D9DE7D009B0F4E /* Sources */ = {
			isa = PBXSourcesBuildPhase;
			buildActionMask = 2147483647;
			files = (
				6A3A2A6728E53F340007E97C /* WaterfallVC-LoadData.swift in Sources */,
				6A33F52528DAE79300865D58 /* PostVC.swift in Sources */,
				6A33F52A28DAF36000865D58 /* PhotoCell.swift in Sources */,
				6A3A2A5728E454500007E97C /* NoteEditVC-DraftNote.swift in Sources */,
				6A3A2A5528E4543D0007E97C /* NoteEditVC-Helper.swift in Sources */,
				6A33F52228DAE2BA00865D58 /* WaterfallCell.swift in Sources */,
				6A42264A28D9E350009B0F4E /* System-Extensions.swift in Sources */,
				6A33F51D28DAE26600865D58 /* NearByVC.swift in Sources */,
				6A3A2A5F28E5384A0007E97C /* DraftNoteWaterfallCell.swift in Sources */,
				6A3A2A6528E53EAB0007E97C /* WaterfallVC-Delegate.swift in Sources */,
				6A99410B28F15897009E56A3 /* LoginAndMeParentVC.swift in Sources */,
				6A3A2A6928E5996B0007E97C /* MeVC.swift in Sources */,
				6A40223C28E5AB5D0031A5FB /* FollowCell.swift in Sources */,
				6A33F52C28DAF37100865D58 /* PhotoFooter.swift in Sources */,
				6A6C09C028E19919000A8327 /* POIVC-Location.swift in Sources */,
				6A33F53528DB1A8D00865D58 /* ARC+ReferencecCycle.swift in Sources */,
				6A6C09BC28E17E4E000A8327 /* POIVC.swift in Sources */,
				6A33F52828DAF34A00865D58 /* NoteEditVC.swift in Sources */,
				6A33F51728DAC7A000865D58 /* HomeVC.swift in Sources */,
				6A3A2A5228E435C70007E97C /* pink.xcdatamodeld in Sources */,
				6A3A2A5928E4545D0007E97C /* NoteEditVC-UI.swift in Sources */,
				6A6C09B628E147CE000A8327 /* ChannelVC.swift in Sources */,
				6A3A2A6128E53D420007E97C /* WaterfallVC-Config.swift in Sources */,
				6AEA513228F16D3B00E0A986 /* Constants.swift in Sources */,
				6A99410528F15135009E56A3 /* LoginVC.swift in Sources */,
				6A42264C28D9E3F6009B0F4E /* TabBarC.swift in Sources */,
				6A33F55128DD5B2A00865D58 /* NoteEditVC-Config.swift in Sources */,
				6A6C09BA28E15AB7000A8327 /* Protocols.swift in Sources */,
				6A33F54928DC6E1100865D58 /* NoteEditVC-DragDrop.swift in Sources */,
				6A33F52028DAE2A200865D58 /* WaterfallVC.swift in Sources */,
				6A6C09C428E3047F000A8327 /* POIVC-KeywordsSearch.swift in Sources */,
				6A99410828F152B5009E56A3 /* LocalLogin-Extensions.swift in Sources */,
				6A42263728D9DE7D009B0F4E /* ViewController.swift in Sources */,
				6A33F54B28DD4FAE00865D58 /* NoteEditVC-CollectionView.swift in Sources */,
				6A33F54D28DD597000865D58 /* TextViewIAView.swift in Sources */,
				6A6C09B828E14927000A8327 /* ChannelTableVC.swift in Sources */,
				6A42263328D9DE7D009B0F4E /* AppDelegate.swift in Sources */,
				6A33F51B28DAE24D00865D58 /* FollowVC.swift in Sources */,
				6A33F51928DACA5200865D58 /* DiscoveryVC.swift in Sources */,
				6A6C09BE28E1985C000A8327 /*  POIVC-Config.swift in Sources */,
				6A33F53128DB1A5B00865D58 /* Closures.swift in Sources */,
				6A33F53328DB1A7D00865D58 /* Valuetypes+Referencetypes.swift in Sources */,
				6A42263528D9DE7D009B0F4E /* SceneDelegate.swift in Sources */,
				6A6C09C228E1CC1E000A8327 /* POICell.swift in Sources */,
				6A33F53728DB1A9F00865D58 /* Enum.swift in Sources */,
				6A3A2A6328E53DBE0007E97C /* WaterfallVC-DataSource.swift in Sources */,
			);
			runOnlyForDeploymentPostprocessing = 0;
		};
/* End PBXSourcesBuildPhase section */

/* Begin PBXVariantGroup section */
		6A33F53C28DB1AE800865D58 /* Localizable.strings */ = {
			isa = PBXVariantGroup;
			children = (
				6A33F53B28DB1AE800865D58 /* en */,
				6A33F53E28DB1AFC00865D58 /* zh-Hans */,
			);
			name = Localizable.strings;
			sourceTree = "<group>";
		};
		6A33F54328DB1B3E00865D58 /* InfoPlist.strings */ = {
			isa = PBXVariantGroup;
			children = (
				6A33F54228DB1B3E00865D58 /* zh-Hans */,
				6A33F54428DB1B4200865D58 /* en */,
			);
			name = InfoPlist.strings;
			sourceTree = "<group>";
		};
		6A42263828D9DE7D009B0F4E /* Main.storyboard */ = {
			isa = PBXVariantGroup;
			children = (
				6A42263928D9DE7D009B0F4E /* Base */,
				6A33F53D28DB1AFC00865D58 /* zh-Hans */,
			);
			name = Main.storyboard;
			sourceTree = "<group>";
		};
		6A42263D28D9DE7E009B0F4E /* LaunchScreen.storyboard */ = {
			isa = PBXVariantGroup;
			children = (
				6A42263E28D9DE7E009B0F4E /* Base */,
			);
			name = LaunchScreen.storyboard;
			sourceTree = "<group>";
		};
/* End PBXVariantGroup section */

/* Begin XCBuildConfiguration section */
		6A42264128D9DE7E009B0F4E /* Debug */ = {
			isa = XCBuildConfiguration;
			buildSettings = {
				ALWAYS_SEARCH_USER_PATHS = NO;
				CLANG_ANALYZER_LOCALIZABILITY_NONLOCALIZED = YES;
				CLANG_ANALYZER_NONNULL = YES;
				CLANG_ANALYZER_NUMBER_OBJECT_CONVERSION = YES_AGGRESSIVE;
				CLANG_CXX_LANGUAGE_STANDARD = "gnu++20";
				CLANG_ENABLE_MODULES = YES;
				CLANG_ENABLE_OBJC_ARC = YES;
				CLANG_ENABLE_OBJC_WEAK = YES;
				CLANG_WARN_BLOCK_CAPTURE_AUTORELEASING = YES;
				CLANG_WARN_BOOL_CONVERSION = YES;
				CLANG_WARN_COMMA = YES;
				CLANG_WARN_CONSTANT_CONVERSION = YES;
				CLANG_WARN_DEPRECATED_OBJC_IMPLEMENTATIONS = YES;
				CLANG_WARN_DIRECT_OBJC_ISA_USAGE = YES_ERROR;
				CLANG_WARN_DOCUMENTATION_COMMENTS = YES;
				CLANG_WARN_EMPTY_BODY = YES;
				CLANG_WARN_ENUM_CONVERSION = YES;
				CLANG_WARN_INFINITE_RECURSION = YES;
				CLANG_WARN_INT_CONVERSION = YES;
				CLANG_WARN_NON_LITERAL_NULL_CONVERSION = YES;
				CLANG_WARN_OBJC_IMPLICIT_RETAIN_SELF = YES;
				CLANG_WARN_OBJC_LITERAL_CONVERSION = YES;
				CLANG_WARN_OBJC_ROOT_CLASS = YES_ERROR;
				CLANG_WARN_QUOTED_INCLUDE_IN_FRAMEWORK_HEADER = YES;
				CLANG_WARN_RANGE_LOOP_ANALYSIS = YES;
				CLANG_WARN_STRICT_PROTOTYPES = YES;
				CLANG_WARN_SUSPICIOUS_MOVE = YES;
				CLANG_WARN_UNGUARDED_AVAILABILITY = YES_AGGRESSIVE;
				CLANG_WARN_UNREACHABLE_CODE = YES;
				CLANG_WARN__DUPLICATE_METHOD_MATCH = YES;
				COPY_PHASE_STRIP = NO;
				DEBUG_INFORMATION_FORMAT = dwarf;
				ENABLE_STRICT_OBJC_MSGSEND = YES;
				ENABLE_TESTABILITY = YES;
				GCC_C_LANGUAGE_STANDARD = gnu11;
				GCC_DYNAMIC_NO_PIC = NO;
				GCC_NO_COMMON_BLOCKS = YES;
				GCC_OPTIMIZATION_LEVEL = 0;
				GCC_PREPROCESSOR_DEFINITIONS = (
					"DEBUG=1",
					"$(inherited)",
				);
				GCC_WARN_64_TO_32_BIT_CONVERSION = YES;
				GCC_WARN_ABOUT_RETURN_TYPE = YES_ERROR;
				GCC_WARN_UNDECLARED_SELECTOR = YES;
				GCC_WARN_UNINITIALIZED_AUTOS = YES_AGGRESSIVE;
				GCC_WARN_UNUSED_FUNCTION = YES;
				GCC_WARN_UNUSED_VARIABLE = YES;
				IPHONEOS_DEPLOYMENT_TARGET = 14.5;
				MTL_ENABLE_DEBUG_INFO = INCLUDE_SOURCE;
				MTL_FAST_MATH = YES;
				ONLY_ACTIVE_ARCH = YES;
				SDKROOT = iphoneos;
				SWIFT_ACTIVE_COMPILATION_CONDITIONS = DEBUG;
				SWIFT_OPTIMIZATION_LEVEL = "-Onone";
			};
			name = Debug;
		};
		6A42264228D9DE7E009B0F4E /* Release */ = {
			isa = XCBuildConfiguration;
			buildSettings = {
				ALWAYS_SEARCH_USER_PATHS = NO;
				CLANG_ANALYZER_LOCALIZABILITY_NONLOCALIZED = YES;
				CLANG_ANALYZER_NONNULL = YES;
				CLANG_ANALYZER_NUMBER_OBJECT_CONVERSION = YES_AGGRESSIVE;
				CLANG_CXX_LANGUAGE_STANDARD = "gnu++20";
				CLANG_ENABLE_MODULES = YES;
				CLANG_ENABLE_OBJC_ARC = YES;
				CLANG_ENABLE_OBJC_WEAK = YES;
				CLANG_WARN_BLOCK_CAPTURE_AUTORELEASING = YES;
				CLANG_WARN_BOOL_CONVERSION = YES;
				CLANG_WARN_COMMA = YES;
				CLANG_WARN_CONSTANT_CONVERSION = YES;
				CLANG_WARN_DEPRECATED_OBJC_IMPLEMENTATIONS = YES;
				CLANG_WARN_DIRECT_OBJC_ISA_USAGE = YES_ERROR;
				CLANG_WARN_DOCUMENTATION_COMMENTS = YES;
				CLANG_WARN_EMPTY_BODY = YES;
				CLANG_WARN_ENUM_CONVERSION = YES;
				CLANG_WARN_INFINITE_RECURSION = YES;
				CLANG_WARN_INT_CONVERSION = YES;
				CLANG_WARN_NON_LITERAL_NULL_CONVERSION = YES;
				CLANG_WARN_OBJC_IMPLICIT_RETAIN_SELF = YES;
				CLANG_WARN_OBJC_LITERAL_CONVERSION = YES;
				CLANG_WARN_OBJC_ROOT_CLASS = YES_ERROR;
				CLANG_WARN_QUOTED_INCLUDE_IN_FRAMEWORK_HEADER = YES;
				CLANG_WARN_RANGE_LOOP_ANALYSIS = YES;
				CLANG_WARN_STRICT_PROTOTYPES = YES;
				CLANG_WARN_SUSPICIOUS_MOVE = YES;
				CLANG_WARN_UNGUARDED_AVAILABILITY = YES_AGGRESSIVE;
				CLANG_WARN_UNREACHABLE_CODE = YES;
				CLANG_WARN__DUPLICATE_METHOD_MATCH = YES;
				COPY_PHASE_STRIP = NO;
				DEBUG_INFORMATION_FORMAT = "dwarf-with-dsym";
				ENABLE_NS_ASSERTIONS = NO;
				ENABLE_STRICT_OBJC_MSGSEND = YES;
				GCC_C_LANGUAGE_STANDARD = gnu11;
				GCC_NO_COMMON_BLOCKS = YES;
				GCC_WARN_64_TO_32_BIT_CONVERSION = YES;
				GCC_WARN_ABOUT_RETURN_TYPE = YES_ERROR;
				GCC_WARN_UNDECLARED_SELECTOR = YES;
				GCC_WARN_UNINITIALIZED_AUTOS = YES_AGGRESSIVE;
				GCC_WARN_UNUSED_FUNCTION = YES;
				GCC_WARN_UNUSED_VARIABLE = YES;
				IPHONEOS_DEPLOYMENT_TARGET = 14.5;
				MTL_ENABLE_DEBUG_INFO = NO;
				MTL_FAST_MATH = YES;
				SDKROOT = iphoneos;
				SWIFT_COMPILATION_MODE = wholemodule;
				SWIFT_OPTIMIZATION_LEVEL = "-O";
				VALIDATE_PRODUCT = YES;
			};
			name = Release;
		};
		6A42264428D9DE7E009B0F4E /* Debug */ = {
			isa = XCBuildConfiguration;
			baseConfigurationReference = 8C31C3405BA47C7F299F9079 /* Pods-pink.debug.xcconfig */;
			buildSettings = {
				ASSETCATALOG_COMPILER_APPICON_NAME = AppIcon;
				ASSETCATALOG_COMPILER_GLOBAL_ACCENT_COLOR_NAME = AccentColor;
				CODE_SIGN_STYLE = Automatic;
				CURRENT_PROJECT_VERSION = 1;
				DEVELOPMENT_TEAM = U3U6PNS756;
				GENERATE_INFOPLIST_FILE = YES;
				INFOPLIST_FILE = pink/Info.plist;
				INFOPLIST_KEY_UIApplicationSupportsIndirectInputEvents = YES;
				INFOPLIST_KEY_UILaunchStoryboardName = LaunchScreen;
				INFOPLIST_KEY_UIMainStoryboardFile = Main;
				INFOPLIST_KEY_UISupportedInterfaceOrientations_iPad = "UIInterfaceOrientationPortrait UIInterfaceOrientationPortraitUpsideDown UIInterfaceOrientationLandscapeLeft UIInterfaceOrientationLandscapeRight";
				INFOPLIST_KEY_UISupportedInterfaceOrientations_iPhone = "UIInterfaceOrientationPortrait UIInterfaceOrientationLandscapeLeft UIInterfaceOrientationLandscapeRight";
				IPHONEOS_DEPLOYMENT_TARGET = 14.5;
				LD_RUNPATH_SEARCH_PATHS = (
					"$(inherited)",
					"@executable_path/Frameworks",
				);
				MARKETING_VERSION = 1.0;
				OTHER_LDFLAGS = (
					"$(inherited)",
					"-ObjC",
					"-l\"c++\"",
					"-l\"c++.1\"",
					"-l\"jcore-ios-3.2.5\"",
					"-l\"jverification-ios-2.9.3\"",
					"-l\"resolv\"",
					"-l\"sqlite3\"",
					"-l\"sqlite3.0\"",
					"-l\"z\"",
					"-framework",
					"\"AMapFoundationKit\"",
					"-framework",
					"\"AMapLocationKit\"",
					"-framework",
					"\"AMapSearchKit\"",
					"-framework",
					"\"AVFoundation\"",
					"-framework",
					"\"Accelerate\"",
					"-framework",
					"\"ActionSheetPicker_3_0\"",
					"-framework",
					"\"Alamofire\"",
					"-framework",
					"\"AlipaySDK\"",
					"-framework",
					"\"AudioToolbox\"",
					"-framework",
					"\"CFNetwork\"",
					"-framework",
					"\"CHTCollectionViewWaterfallLayout\"",
					"-framework",
					"\"CoreAudio\"",
					"-framework",
					"\"CoreFoundation\"",
					"-framework",
					"\"CoreGraphics\"",
					"-framework",
					"\"CoreLocation\"",
					"-framework",
					"\"CoreMedia\"",
					"-framework",
					"\"CoreMotion\"",
					"-framework",
					"\"CoreTelephony\"",
					"-framework",
					"\"CoreText\"",
					"-framework",
					"\"DateToolsSwift\"",
					"-framework",
					"\"DynamicBlurView\"",
					"-framework",
					"\"EAccountApiSDK\"",
					"-framework",
					"\"ExternalAccessory\"",
					"-framework",
					"\"FaveButton\"",
					"-framework",
					"\"Foundation\"",
					"-framework",
					"\"GRDB\"",
					"-framework",
					"\"GTCaptcha4\"",
					"-framework",
					"\"GrowingTextView\"",
					"-framework",
					"\"Hero\"",
					"-framework",
					"\"ImageSlideshow\"",
					"-framework",
					"\"KMPlaceholderTextView\"",
					"-framework",
					"\"Kingfisher\"",
					"-framework",
					"\"LeanCloud\"",
					"-framework",
					"\"MBProgressHUD\"",
					"-framework",
					"\"MJRefresh\"",
					"-framework",
					"\"MobileCoreServices\"",
					"-framework",
					"\"PopupDialog\"",
					"-framework",
					"\"PryntTrimmerView\"",
					"-framework",
					"\"QuartzCore\"",
					"-framework",
					"\"QuickLogin\"",
					"-framework",
					"\"SKPhotoBrowser\"",
					"-framework",
					"\"Security\"",
					"-framework",
					"\"SegementSlide\"",
					"-framework",
					"\"Stevia\"",
					"-framework",
					"\"SwiftProtobuf\"",
					"-framework",
					"\"SystemConfiguration\"",
					"-framework",
					"\"TYRZUISDK\"",
					"-framework",
					"\"UIKit\"",
					"-framework",
					"\"WebKit\"",
					"-framework",
					"\"XLPagerTabStrip\"",
					"-framework",
					"\"YPImagePicker\"",
					"-framework",
					"\"account_login_sdk_noui_core\"",
					"-weak_framework",
					"\"AppTrackingTransparency\"",
					"-weak_framework",
					"\"Combine\"",
					"-weak_framework",
					"\"SwiftUI\"",
					"-weak_framework",
					"\"UserNotifications\"",
				);
				PRODUCT_BUNDLE_IDENTIFIER = com.app.pink;
				PRODUCT_NAME = "$(TARGET_NAME)";
				SWIFT_EMIT_LOC_STRINGS = YES;
				SWIFT_OBJC_BRIDGING_HEADER = "pink/pink-Bridging-Header.h";
				SWIFT_VERSION = 5.0;
				TARGETED_DEVICE_FAMILY = "1,2";
			};
			name = Debug;
		};
		6A42264528D9DE7E009B0F4E /* Release */ = {
			isa = XCBuildConfiguration;
			baseConfigurationReference = FEE50E483EDDCB435B35227E /* Pods-pink.release.xcconfig */;
			buildSettings = {
				ASSETCATALOG_COMPILER_APPICON_NAME = AppIcon;
				ASSETCATALOG_COMPILER_GLOBAL_ACCENT_COLOR_NAME = AccentColor;
				CODE_SIGN_STYLE = Automatic;
				CURRENT_PROJECT_VERSION = 1;
				DEVELOPMENT_TEAM = U3U6PNS756;
				GENERATE_INFOPLIST_FILE = YES;
				INFOPLIST_FILE = pink/Info.plist;
				INFOPLIST_KEY_UIApplicationSupportsIndirectInputEvents = YES;
				INFOPLIST_KEY_UILaunchStoryboardName = LaunchScreen;
				INFOPLIST_KEY_UIMainStoryboardFile = Main;
				INFOPLIST_KEY_UISupportedInterfaceOrientations_iPad = "UIInterfaceOrientationPortrait UIInterfaceOrientationPortraitUpsideDown UIInterfaceOrientationLandscapeLeft UIInterfaceOrientationLandscapeRight";
				INFOPLIST_KEY_UISupportedInterfaceOrientations_iPhone = "UIInterfaceOrientationPortrait UIInterfaceOrientationLandscapeLeft UIInterfaceOrientationLandscapeRight";
				IPHONEOS_DEPLOYMENT_TARGET = 14.5;
				LD_RUNPATH_SEARCH_PATHS = (
					"$(inherited)",
					"@executable_path/Frameworks",
				);
				MARKETING_VERSION = 1.0;
				OTHER_LDFLAGS = (
					"$(inherited)",
					"-ObjC",
					"-l\"c++\"",
					"-l\"c++.1\"",
					"-l\"jcore-ios-3.2.5\"",
					"-l\"jverification-ios-2.9.3\"",
					"-l\"resolv\"",
					"-l\"sqlite3\"",
					"-l\"sqlite3.0\"",
					"-l\"z\"",
					"-framework",
					"\"AMapFoundationKit\"",
					"-framework",
					"\"AMapLocationKit\"",
					"-framework",
					"\"AMapSearchKit\"",
					"-framework",
					"\"AVFoundation\"",
					"-framework",
					"\"Accelerate\"",
					"-framework",
					"\"ActionSheetPicker_3_0\"",
					"-framework",
					"\"Alamofire\"",
					"-framework",
					"\"AlipaySDK\"",
					"-framework",
					"\"AudioToolbox\"",
					"-framework",
					"\"CFNetwork\"",
					"-framework",
					"\"CHTCollectionViewWaterfallLayout\"",
					"-framework",
					"\"CoreAudio\"",
					"-framework",
					"\"CoreFoundation\"",
					"-framework",
					"\"CoreGraphics\"",
					"-framework",
					"\"CoreLocation\"",
					"-framework",
					"\"CoreMedia\"",
					"-framework",
					"\"CoreMotion\"",
					"-framework",
					"\"CoreTelephony\"",
					"-framework",
					"\"CoreText\"",
					"-framework",
					"\"DateToolsSwift\"",
					"-framework",
					"\"DynamicBlurView\"",
					"-framework",
					"\"EAccountApiSDK\"",
					"-framework",
					"\"ExternalAccessory\"",
					"-framework",
					"\"FaveButton\"",
					"-framework",
					"\"Foundation\"",
					"-framework",
					"\"GRDB\"",
					"-framework",
					"\"GTCaptcha4\"",
					"-framework",
					"\"GrowingTextView\"",
					"-framework",
					"\"Hero\"",
					"-framework",
					"\"ImageSlideshow\"",
					"-framework",
					"\"KMPlaceholderTextView\"",
					"-framework",
					"\"Kingfisher\"",
					"-framework",
					"\"LeanCloud\"",
					"-framework",
					"\"MBProgressHUD\"",
					"-framework",
					"\"MJRefresh\"",
					"-framework",
					"\"MobileCoreServices\"",
					"-framework",
					"\"PopupDialog\"",
					"-framework",
					"\"PryntTrimmerView\"",
					"-framework",
					"\"QuartzCore\"",
					"-framework",
					"\"QuickLogin\"",
					"-framework",
					"\"SKPhotoBrowser\"",
					"-framework",
					"\"Security\"",
					"-framework",
					"\"SegementSlide\"",
					"-framework",
					"\"Stevia\"",
					"-framework",
					"\"SwiftProtobuf\"",
					"-framework",
					"\"SystemConfiguration\"",
					"-framework",
					"\"TYRZUISDK\"",
					"-framework",
					"\"UIKit\"",
					"-framework",
					"\"WebKit\"",
					"-framework",
					"\"XLPagerTabStrip\"",
					"-framework",
					"\"YPImagePicker\"",
					"-framework",
					"\"account_login_sdk_noui_core\"",
					"-weak_framework",
					"\"AppTrackingTransparency\"",
					"-weak_framework",
					"\"Combine\"",
					"-weak_framework",
					"\"SwiftUI\"",
					"-weak_framework",
					"\"UserNotifications\"",
				);
				PRODUCT_BUNDLE_IDENTIFIER = com.app.pink;
				PRODUCT_NAME = "$(TARGET_NAME)";
				SWIFT_EMIT_LOC_STRINGS = YES;
				SWIFT_OBJC_BRIDGING_HEADER = "pink/pink-Bridging-Header.h";
				SWIFT_VERSION = 5.0;
				TARGETED_DEVICE_FAMILY = "1,2";
			};
			name = Release;
		};
/* End XCBuildConfiguration section */

/* Begin XCConfigurationList section */
		6A42262A28D9DE7D009B0F4E /* Build configuration list for PBXProject "pink" */ = {
			isa = XCConfigurationList;
			buildConfigurations = (
				6A42264128D9DE7E009B0F4E /* Debug */,
				6A42264228D9DE7E009B0F4E /* Release */,
			);
			defaultConfigurationIsVisible = 0;
			defaultConfigurationName = Release;
		};
		6A42264328D9DE7E009B0F4E /* Build configuration list for PBXNativeTarget "pink" */ = {
			isa = XCConfigurationList;
			buildConfigurations = (
				6A42264428D9DE7E009B0F4E /* Debug */,
				6A42264528D9DE7E009B0F4E /* Release */,
			);
			defaultConfigurationIsVisible = 0;
			defaultConfigurationName = Release;
		};
/* End XCConfigurationList section */

/* Begin XCVersionGroup section */
		6A3A2A5028E435C70007E97C /* pink.xcdatamodeld */ = {
			isa = XCVersionGroup;
			children = (
				6A3A2A5D28E5319F0007E97C /* pink v2.xcdatamodel */,
				6A3A2A5128E435C70007E97C /* pink.xcdatamodel */,
			);
			currentVersion = 6A3A2A5D28E5319F0007E97C /* pink v2.xcdatamodel */;
			path = pink.xcdatamodeld;
			sourceTree = "<group>";
			versionGroupType = wrapper.xcdatamodel;
		};
/* End XCVersionGroup section */
	};
	rootObject = 6A42262728D9DE7D009B0F4E /* Project object */;
}
